
Microsoft Visual Studio Solution File, Format Version 12.00
# Visual Studio Version 17
VisualStudioVersion = 17.10.35013.160
MinimumVisualStudioVersion = 10.0.40219.1
Project("{8BC9CEB8-8B4A-11D0-8D11-00A0C91BC942}") = "SA_DSP", "Src\SA_DSP\SA_DSP.vcxproj", "{BB3F670E-28AF-42CE-9C9F-DE267D3CB986}"
EndProject
Project("{8BC9CEB8-8B4A-11D0-8D11-00A0C91BC942}") = "SA_ENU", "Src\Lang\SA_ENU.vcxproj", "{23E56F0E-30A8-4CF2-AB4D-5B1ED39CD268}"
EndProject
Project("{8BC9CEB8-8B4A-11D0-8D11-00A0C91BC942}") = "SA_KLATT", "Src\SA_KLATT\SA_KLATT.vcxproj", "{56F754F7-B130-4CCF-8A99-9422D3F0234D}"
EndProject
Project("{8BC9CEB8-8B4A-11D0-8D11-00A0C91BC942}") = "SA", "Src\SA\Sa.vcxproj", "{67914272-7CF2-4E5B-A0EC-54728888A13D}"
	ProjectSection(ProjectDependencies) = postProject
		{94199E02-2A91-4968-8544-316A15339E19} = {94199E02-2A91-4968-8544-316A15339E19}
		{45F4F307-5C89-46E1-B92B-0A2E3489FF6F} = {45F4F307-5C89-46E1-B92B-0A2E3489FF6F}
		{23E56F0E-30A8-4CF2-AB4D-5B1ED39CD268} = {23E56F0E-30A8-4CF2-AB4D-5B1ED39CD268}
		{D8D07210-F968-4438-919C-456B0CDB6E26} = {D8D07210-F968-4438-919C-456B0CDB6E26}
		{2C51801D-26B9-4ED5-81B2-324E5AAB3FD8} = {2C51801D-26B9-4ED5-81B2-324E5AAB3FD8}
		{00733F60-F7DC-41FD-9211-9421698EC3AA} = {00733F60-F7DC-41FD-9211-9421698EC3AA}
		{8E2F76A2-59B5-4DF7-8062-EBD6FCF0C8B3} = {8E2F76A2-59B5-4DF7-8062-EBD6FCF0C8B3}
		{CB7EF7F0-A6EF-4E12-8AE6-D981004B8E21} = {CB7EF7F0-A6EF-4E12-8AE6-D981004B8E21}
	EndProjectSection
EndProject
Project("{8BC9CEB8-8B4A-11D0-8D11-00A0C91BC942}") = "zGraph", "Src\ZGraph\zGraph.vcxproj", "{F8066672-47AB-44DA-8698-AD978581A138}"
EndProject
Project("{FAE04EC0-301F-11D3-BF4B-00C04F79EFBC}") = "yeti.wmfsdk", "src\yeti.wmfsdk\yeti.wmfsdk.csproj", "{FECB5BEB-AB05-454A-BB14-6A554E897274}"
EndProject
Project("{FAE04EC0-301F-11D3-BF4B-00C04F79EFBC}") = "yeti.mmedia", "src\yeti.mmedia\yeti.mmedia.csproj", "{315EE7BF-EAE2-42C0-BFC6-CCA9160F3CFE}"
EndProject
Project("{8BC9CEB8-8B4A-11D0-8D11-00A0C91BC942}") = "ElanUtils", "Src\ElanUtils\ElanUtils.vcxproj", "{2C51801D-26B9-4ED5-81B2-324E5AAB3FD8}"
EndProject
Project("{8BC9CEB8-8B4A-11D0-8D11-00A0C91BC942}") = "FileUtils", "Src\FileUtils\FileUtils.vcxproj", "{D8D07210-F968-4438-919C-456B0CDB6E26}"
EndProject
Project("{8BC9CEB8-8B4A-11D0-8D11-00A0C91BC942}") = "SA_DEU", "Src\Lang\SA_DEU.vcxproj", "{CB7EF7F0-A6EF-4E12-8AE6-D981004B8E21}"
EndProject
Project("{8BC9CEB8-8B4A-11D0-8D11-00A0C91BC942}") = "LiftUtils", "Src\LiftUtils\LiftUtils.vcxproj", "{94199E02-2A91-4968-8544-316A15339E19}"
EndProject
Project("{FAE04EC0-301F-11D3-BF4B-00C04F79EFBC}") = "SAUtils", "src\SAUtils\SAUtils.csproj", "{45F4F307-5C89-46E1-B92B-0A2E3489FF6F}"
EndProject
Project("{8BC9CEB8-8B4A-11D0-8D11-00A0C91BC942}") = "WaveUtils", "Src\WaveUtils\WaveUtils.vcxproj", "{7710BEA3-39DC-4485-893F-ED4D9CA91973}"
EndProject
Project("{8BC9CEB8-8B4A-11D0-8D11-00A0C91BC942}") = "XMLUtils", "Src\XMLUtils\XMLUtils.vcxproj", "{00733F60-F7DC-41FD-9211-9421698EC3AA}"
EndProject
Project("{8BC9CEB8-8B4A-11D0-8D11-00A0C91BC942}") = "URIParserTest", "Src\URIParser\win32\Visual_Studio_2015\test.vcxproj", "{9682BD28-DA8C-4E37-810B-FC66EF53AE17}"
EndProject
Project("{8BC9CEB8-8B4A-11D0-8D11-00A0C91BC942}") = "URIParser", "Src\URIParser\win32\Visual_Studio_2015\uriparser.vcxproj", "{8E2F76A2-59B5-4DF7-8062-EBD6FCF0C8B3}"
EndProject
Project("{8BC9CEB8-8B4A-11D0-8D11-00A0C91BC942}") = "ElanUtilsTest", "Src\ElanUtilsTest\Elan_Test.vcxproj", "{E2876CFE-801F-461E-A682-6F49471DAD02}"
	ProjectSection(ProjectDependencies) = postProject
		{2C51801D-26B9-4ED5-81B2-324E5AAB3FD8} = {2C51801D-26B9-4ED5-81B2-324E5AAB3FD8}
		{00733F60-F7DC-41FD-9211-9421698EC3AA} = {00733F60-F7DC-41FD-9211-9421698EC3AA}
	EndProjectSection
EndProject
Project("{8BC9CEB8-8B4A-11D0-8D11-00A0C91BC942}") = "LiftUtilsTest", "Src\LiftUtilsTest\Lift_Test.vcxproj", "{BF473517-E702-4911-90EC-863C27ACF274}"
	ProjectSection(ProjectDependencies) = postProject
		{94199E02-2A91-4968-8544-316A15339E19} = {94199E02-2A91-4968-8544-316A15339E19}
		{D8D07210-F968-4438-919C-456B0CDB6E26} = {D8D07210-F968-4438-919C-456B0CDB6E26}
		{00733F60-F7DC-41FD-9211-9421698EC3AA} = {00733F60-F7DC-41FD-9211-9421698EC3AA}
		{7710BEA3-39DC-4485-893F-ED4D9CA91973} = {7710BEA3-39DC-4485-893F-ED4D9CA91973}
		{9682BD28-DA8C-4E37-810B-FC66EF53AE17} = {9682BD28-DA8C-4E37-810B-FC66EF53AE17}
	EndProjectSection
EndProject
Project("{8BC9CEB8-8B4A-11D0-8D11-00A0C91BC942}") = "WaveUtilsTest", "Src\WaveUtilsTest\WaveUtils_Test.vcxproj", "{A2D4D6C8-A801-4C03-A42A-2C827A1631D1}"
	ProjectSection(ProjectDependencies) = postProject
		{7710BEA3-39DC-4485-893F-ED4D9CA91973} = {7710BEA3-39DC-4485-893F-ED4D9CA91973}
		{D8D07210-F968-4438-919C-456B0CDB6E26} = {D8D07210-F968-4438-919C-456B0CDB6E26}
	EndProjectSection
EndProject
Project("{FAE04EC0-301F-11D3-BF4B-00C04F79EFBC}") = "SAUtils_Test", "Src\SAUtilsTest\SAUtils_Test.csproj", "{3AF2FACF-57B4-400A-B17A-AB28A4766790}"
EndProject
Project("{8BC9CEB8-8B4A-11D0-8D11-00A0C91BC942}") = "SAScriptingTest", "Src\SAScriptingTest\SAScriptingTest.vcxproj", "{BF5828C6-5119-4350-B845-E0BE82CE651F}"
	ProjectSection(ProjectDependencies) = postProject
		{67914272-7CF2-4E5B-A0EC-54728888A13D} = {67914272-7CF2-4E5B-A0EC-54728888A13D}
	EndProjectSection
EndProject
Global
	GlobalSection(SolutionConfigurationPlatforms) = preSolution
		Debug|Any CPU = Debug|Any CPU
		Debug|Mixed Platforms = Debug|Mixed Platforms
		Debug|Win32 = Debug|Win32
		Debug|x64 = Debug|x64
		Release|Any CPU = Release|Any CPU
		Release|Mixed Platforms = Release|Mixed Platforms
		Release|Win32 = Release|Win32
		Release|x64 = Release|x64
	EndGlobalSection
	GlobalSection(ProjectConfigurationPlatforms) = postSolution
		{BB3F670E-28AF-42CE-9C9F-DE267D3CB986}.Debug|Any CPU.ActiveCfg = Debug|Win32
		{BB3F670E-28AF-42CE-9C9F-DE267D3CB986}.Debug|Mixed Platforms.ActiveCfg = Debug|Win32
		{BB3F670E-28AF-42CE-9C9F-DE267D3CB986}.Debug|Mixed Platforms.Build.0 = Debug|Win32
		{BB3F670E-28AF-42CE-9C9F-DE267D3CB986}.Debug|Win32.ActiveCfg = Debug|Win32
		{BB3F670E-28AF-42CE-9C9F-DE267D3CB986}.Debug|Win32.Build.0 = Debug|Win32
		{BB3F670E-28AF-42CE-9C9F-DE267D3CB986}.Debug|x64.ActiveCfg = Debug|x64
		{BB3F670E-28AF-42CE-9C9F-DE267D3CB986}.Debug|x64.Build.0 = Debug|x64
		{BB3F670E-28AF-42CE-9C9F-DE267D3CB986}.Release|Any CPU.ActiveCfg = Release|Win32
		{BB3F670E-28AF-42CE-9C9F-DE267D3CB986}.Release|Mixed Platforms.ActiveCfg = Release|Win32
		{BB3F670E-28AF-42CE-9C9F-DE267D3CB986}.Release|Mixed Platforms.Build.0 = Release|Win32
		{BB3F670E-28AF-42CE-9C9F-DE267D3CB986}.Release|Win32.ActiveCfg = Release|Win32
		{BB3F670E-28AF-42CE-9C9F-DE267D3CB986}.Release|Win32.Build.0 = Release|Win32
		{BB3F670E-28AF-42CE-9C9F-DE267D3CB986}.Release|x64.ActiveCfg = Release|x64
		{BB3F670E-28AF-42CE-9C9F-DE267D3CB986}.Release|x64.Build.0 = Release|x64
		{23E56F0E-30A8-4CF2-AB4D-5B1ED39CD268}.Debug|Any CPU.ActiveCfg = Debug|Win32
		{23E56F0E-30A8-4CF2-AB4D-5B1ED39CD268}.Debug|Mixed Platforms.ActiveCfg = Debug|Win32
		{23E56F0E-30A8-4CF2-AB4D-5B1ED39CD268}.Debug|Mixed Platforms.Build.0 = Debug|Win32
		{23E56F0E-30A8-4CF2-AB4D-5B1ED39CD268}.Debug|Win32.ActiveCfg = Debug|Win32
		{23E56F0E-30A8-4CF2-AB4D-5B1ED39CD268}.Debug|Win32.Build.0 = Debug|Win32
		{23E56F0E-30A8-4CF2-AB4D-5B1ED39CD268}.Debug|x64.ActiveCfg = Debug|x64
		{23E56F0E-30A8-4CF2-AB4D-5B1ED39CD268}.Debug|x64.Build.0 = Debug|x64
		{23E56F0E-30A8-4CF2-AB4D-5B1ED39CD268}.Release|Any CPU.ActiveCfg = Release|Win32
		{23E56F0E-30A8-4CF2-AB4D-5B1ED39CD268}.Release|Mixed Platforms.ActiveCfg = Release|Win32
		{23E56F0E-30A8-4CF2-AB4D-5B1ED39CD268}.Release|Mixed Platforms.Build.0 = Release|Win32
		{23E56F0E-30A8-4CF2-AB4D-5B1ED39CD268}.Release|Win32.ActiveCfg = Release|Win32
		{23E56F0E-30A8-4CF2-AB4D-5B1ED39CD268}.Release|Win32.Build.0 = Release|Win32
		{23E56F0E-30A8-4CF2-AB4D-5B1ED39CD268}.Release|x64.ActiveCfg = Release|x64
		{23E56F0E-30A8-4CF2-AB4D-5B1ED39CD268}.Release|x64.Build.0 = Release|x64
		{56F754F7-B130-4CCF-8A99-9422D3F0234D}.Debug|Any CPU.ActiveCfg = Debug|Win32
		{56F754F7-B130-4CCF-8A99-9422D3F0234D}.Debug|Mixed Platforms.ActiveCfg = Debug|Win32
		{56F754F7-B130-4CCF-8A99-9422D3F0234D}.Debug|Mixed Platforms.Build.0 = Debug|Win32
		{56F754F7-B130-4CCF-8A99-9422D3F0234D}.Debug|Win32.ActiveCfg = Debug|Win32
		{56F754F7-B130-4CCF-8A99-9422D3F0234D}.Debug|Win32.Build.0 = Debug|Win32
		{56F754F7-B130-4CCF-8A99-9422D3F0234D}.Debug|x64.ActiveCfg = Debug|x64
		{56F754F7-B130-4CCF-8A99-9422D3F0234D}.Debug|x64.Build.0 = Debug|x64
		{56F754F7-B130-4CCF-8A99-9422D3F0234D}.Release|Any CPU.ActiveCfg = Release|Win32
		{56F754F7-B130-4CCF-8A99-9422D3F0234D}.Release|Mixed Platforms.ActiveCfg = Release|Win32
		{56F754F7-B130-4CCF-8A99-9422D3F0234D}.Release|Mixed Platforms.Build.0 = Release|Win32
		{56F754F7-B130-4CCF-8A99-9422D3F0234D}.Release|Win32.ActiveCfg = Release|Win32
		{56F754F7-B130-4CCF-8A99-9422D3F0234D}.Release|Win32.Build.0 = Release|Win32
		{56F754F7-B130-4CCF-8A99-9422D3F0234D}.Release|x64.ActiveCfg = Release|x64
		{56F754F7-B130-4CCF-8A99-9422D3F0234D}.Release|x64.Build.0 = Release|x64
		{67914272-7CF2-4E5B-A0EC-54728888A13D}.Debug|Any CPU.ActiveCfg = Debug|Win32
		{67914272-7CF2-4E5B-A0EC-54728888A13D}.Debug|Mixed Platforms.ActiveCfg = Debug|Win32
		{67914272-7CF2-4E5B-A0EC-54728888A13D}.Debug|Mixed Platforms.Build.0 = Debug|Win32
		{67914272-7CF2-4E5B-A0EC-54728888A13D}.Debug|Win32.ActiveCfg = Debug|Win32
		{67914272-7CF2-4E5B-A0EC-54728888A13D}.Debug|Win32.Build.0 = Debug|Win32
		{67914272-7CF2-4E5B-A0EC-54728888A13D}.Debug|x64.ActiveCfg = Debug|x64
		{67914272-7CF2-4E5B-A0EC-54728888A13D}.Debug|x64.Build.0 = Debug|x64
		{67914272-7CF2-4E5B-A0EC-54728888A13D}.Release|Any CPU.ActiveCfg = Release|Win32
		{67914272-7CF2-4E5B-A0EC-54728888A13D}.Release|Mixed Platforms.ActiveCfg = Release|Win32
		{67914272-7CF2-4E5B-A0EC-54728888A13D}.Release|Mixed Platforms.Build.0 = Release|Win32
		{67914272-7CF2-4E5B-A0EC-54728888A13D}.Release|Win32.ActiveCfg = Release|Win32
		{67914272-7CF2-4E5B-A0EC-54728888A13D}.Release|Win32.Build.0 = Release|Win32
		{67914272-7CF2-4E5B-A0EC-54728888A13D}.Release|x64.ActiveCfg = Release|x64
		{67914272-7CF2-4E5B-A0EC-54728888A13D}.Release|x64.Build.0 = Release|x64
		{F8066672-47AB-44DA-8698-AD978581A138}.Debug|Any CPU.ActiveCfg = Debug|Win32
		{F8066672-47AB-44DA-8698-AD978581A138}.Debug|Mixed Platforms.ActiveCfg = Debug|Win32
		{F8066672-47AB-44DA-8698-AD978581A138}.Debug|Mixed Platforms.Build.0 = Debug|Win32
		{F8066672-47AB-44DA-8698-AD978581A138}.Debug|Win32.ActiveCfg = Debug|Win32
		{F8066672-47AB-44DA-8698-AD978581A138}.Debug|Win32.Build.0 = Debug|Win32
		{F8066672-47AB-44DA-8698-AD978581A138}.Debug|x64.ActiveCfg = Debug|x64
		{F8066672-47AB-44DA-8698-AD978581A138}.Debug|x64.Build.0 = Debug|x64
		{F8066672-47AB-44DA-8698-AD978581A138}.Release|Any CPU.ActiveCfg = Release|Win32
		{F8066672-47AB-44DA-8698-AD978581A138}.Release|Mixed Platforms.ActiveCfg = Release|Win32
		{F8066672-47AB-44DA-8698-AD978581A138}.Release|Mixed Platforms.Build.0 = Release|Win32
		{F8066672-47AB-44DA-8698-AD978581A138}.Release|Win32.ActiveCfg = Release|Win32
		{F8066672-47AB-44DA-8698-AD978581A138}.Release|Win32.Build.0 = Release|Win32
		{F8066672-47AB-44DA-8698-AD978581A138}.Release|x64.ActiveCfg = Release|x64
		{F8066672-47AB-44DA-8698-AD978581A138}.Release|x64.Build.0 = Release|x64
		{FECB5BEB-AB05-454A-BB14-6A554E897274}.Debug|Any CPU.ActiveCfg = Debug|Any CPU
		{FECB5BEB-AB05-454A-BB14-6A554E897274}.Debug|Any CPU.Build.0 = Debug|Any CPU
		{FECB5BEB-AB05-454A-BB14-6A554E897274}.Debug|Mixed Platforms.ActiveCfg = Debug|Any CPU
		{FECB5BEB-AB05-454A-BB14-6A554E897274}.Debug|Mixed Platforms.Build.0 = Debug|Any CPU
		{FECB5BEB-AB05-454A-BB14-6A554E897274}.Debug|Win32.ActiveCfg = Debug|Any CPU
		{FECB5BEB-AB05-454A-BB14-6A554E897274}.Debug|Win32.Build.0 = Debug|Any CPU
		{FECB5BEB-AB05-454A-BB14-6A554E897274}.Debug|x64.ActiveCfg = Debug|Any CPU
		{FECB5BEB-AB05-454A-BB14-6A554E897274}.Debug|x64.Build.0 = Debug|Any CPU
		{FECB5BEB-AB05-454A-BB14-6A554E897274}.Release|Any CPU.ActiveCfg = Release|Any CPU
		{FECB5BEB-AB05-454A-BB14-6A554E897274}.Release|Any CPU.Build.0 = Release|Any CPU
		{FECB5BEB-AB05-454A-BB14-6A554E897274}.Release|Mixed Platforms.ActiveCfg = Release|Any CPU
		{FECB5BEB-AB05-454A-BB14-6A554E897274}.Release|Mixed Platforms.Build.0 = Release|Any CPU
		{FECB5BEB-AB05-454A-BB14-6A554E897274}.Release|Win32.ActiveCfg = Release|Any CPU
		{FECB5BEB-AB05-454A-BB14-6A554E897274}.Release|Win32.Build.0 = Release|Any CPU
		{FECB5BEB-AB05-454A-BB14-6A554E897274}.Release|x64.ActiveCfg = Release|Any CPU
		{FECB5BEB-AB05-454A-BB14-6A554E897274}.Release|x64.Build.0 = Release|Any CPU
		{315EE7BF-EAE2-42C0-BFC6-CCA9160F3CFE}.Debug|Any CPU.ActiveCfg = Debug|Any CPU
		{315EE7BF-EAE2-42C0-BFC6-CCA9160F3CFE}.Debug|Any CPU.Build.0 = Debug|Any CPU
		{315EE7BF-EAE2-42C0-BFC6-CCA9160F3CFE}.Debug|Mixed Platforms.ActiveCfg = Debug|Any CPU
		{315EE7BF-EAE2-42C0-BFC6-CCA9160F3CFE}.Debug|Mixed Platforms.Build.0 = Debug|Any CPU
		{315EE7BF-EAE2-42C0-BFC6-CCA9160F3CFE}.Debug|Win32.ActiveCfg = Debug|Any CPU
		{315EE7BF-EAE2-42C0-BFC6-CCA9160F3CFE}.Debug|Win32.Build.0 = Debug|Any CPU
		{315EE7BF-EAE2-42C0-BFC6-CCA9160F3CFE}.Debug|x64.ActiveCfg = Debug|Any CPU
		{315EE7BF-EAE2-42C0-BFC6-CCA9160F3CFE}.Debug|x64.Build.0 = Debug|Any CPU
		{315EE7BF-EAE2-42C0-BFC6-CCA9160F3CFE}.Release|Any CPU.ActiveCfg = Release|Any CPU
		{315EE7BF-EAE2-42C0-BFC6-CCA9160F3CFE}.Release|Any CPU.Build.0 = Release|Any CPU
		{315EE7BF-EAE2-42C0-BFC6-CCA9160F3CFE}.Release|Mixed Platforms.ActiveCfg = Release|Any CPU
		{315EE7BF-EAE2-42C0-BFC6-CCA9160F3CFE}.Release|Mixed Platforms.Build.0 = Release|Any CPU
		{315EE7BF-EAE2-42C0-BFC6-CCA9160F3CFE}.Release|Win32.ActiveCfg = Release|Any CPU
		{315EE7BF-EAE2-42C0-BFC6-CCA9160F3CFE}.Release|Win32.Build.0 = Release|Any CPU
		{315EE7BF-EAE2-42C0-BFC6-CCA9160F3CFE}.Release|x64.ActiveCfg = Release|Any CPU
		{315EE7BF-EAE2-42C0-BFC6-CCA9160F3CFE}.Release|x64.Build.0 = Release|Any CPU
		{2C51801D-26B9-4ED5-81B2-324E5AAB3FD8}.Debug|Any CPU.ActiveCfg = Debug|Win32
		{2C51801D-26B9-4ED5-81B2-324E5AAB3FD8}.Debug|Mixed Platforms.ActiveCfg = Debug|Win32
		{2C51801D-26B9-4ED5-81B2-324E5AAB3FD8}.Debug|Mixed Platforms.Build.0 = Debug|Win32
		{2C51801D-26B9-4ED5-81B2-324E5AAB3FD8}.Debug|Win32.ActiveCfg = Debug|Win32
		{2C51801D-26B9-4ED5-81B2-324E5AAB3FD8}.Debug|Win32.Build.0 = Debug|Win32
		{2C51801D-26B9-4ED5-81B2-324E5AAB3FD8}.Debug|x64.ActiveCfg = Debug|x64
		{2C51801D-26B9-4ED5-81B2-324E5AAB3FD8}.Debug|x64.Build.0 = Debug|x64
		{2C51801D-26B9-4ED5-81B2-324E5AAB3FD8}.Release|Any CPU.ActiveCfg = Release|Win32
		{2C51801D-26B9-4ED5-81B2-324E5AAB3FD8}.Release|Mixed Platforms.ActiveCfg = Release|Win32
		{2C51801D-26B9-4ED5-81B2-324E5AAB3FD8}.Release|Mixed Platforms.Build.0 = Release|Win32
		{2C51801D-26B9-4ED5-81B2-324E5AAB3FD8}.Release|Win32.ActiveCfg = Release|Win32
		{2C51801D-26B9-4ED5-81B2-324E5AAB3FD8}.Release|Win32.Build.0 = Release|Win32
		{2C51801D-26B9-4ED5-81B2-324E5AAB3FD8}.Release|x64.ActiveCfg = Release|x64
		{2C51801D-26B9-4ED5-81B2-324E5AAB3FD8}.Release|x64.Build.0 = Release|x64
		{D8D07210-F968-4438-919C-456B0CDB6E26}.Debug|Any CPU.ActiveCfg = Debug|Win32
		{D8D07210-F968-4438-919C-456B0CDB6E26}.Debug|Mixed Platforms.ActiveCfg = Debug|Win32
		{D8D07210-F968-4438-919C-456B0CDB6E26}.Debug|Mixed Platforms.Build.0 = Debug|Win32
		{D8D07210-F968-4438-919C-456B0CDB6E26}.Debug|Win32.ActiveCfg = Debug|Win32
		{D8D07210-F968-4438-919C-456B0CDB6E26}.Debug|Win32.Build.0 = Debug|Win32
		{D8D07210-F968-4438-919C-456B0CDB6E26}.Debug|x64.ActiveCfg = Debug|x64
		{D8D07210-F968-4438-919C-456B0CDB6E26}.Debug|x64.Build.0 = Debug|x64
		{D8D07210-F968-4438-919C-456B0CDB6E26}.Release|Any CPU.ActiveCfg = Release|Win32
		{D8D07210-F968-4438-919C-456B0CDB6E26}.Release|Mixed Platforms.ActiveCfg = Release|Win32
		{D8D07210-F968-4438-919C-456B0CDB6E26}.Release|Mixed Platforms.Build.0 = Release|Win32
		{D8D07210-F968-4438-919C-456B0CDB6E26}.Release|Win32.ActiveCfg = Release|Win32
		{D8D07210-F968-4438-919C-456B0CDB6E26}.Release|Win32.Build.0 = Release|Win32
		{D8D07210-F968-4438-919C-456B0CDB6E26}.Release|x64.ActiveCfg = Release|x64
		{D8D07210-F968-4438-919C-456B0CDB6E26}.Release|x64.Build.0 = Release|x64
		{CB7EF7F0-A6EF-4E12-8AE6-D981004B8E21}.Debug|Any CPU.ActiveCfg = Debug|Win32
		{CB7EF7F0-A6EF-4E12-8AE6-D981004B8E21}.Debug|Mixed Platforms.ActiveCfg = Debug|Win32
		{CB7EF7F0-A6EF-4E12-8AE6-D981004B8E21}.Debug|Mixed Platforms.Build.0 = Debug|Win32
		{CB7EF7F0-A6EF-4E12-8AE6-D981004B8E21}.Debug|Win32.ActiveCfg = Debug|Win32
		{CB7EF7F0-A6EF-4E12-8AE6-D981004B8E21}.Debug|Win32.Build.0 = Debug|Win32
		{CB7EF7F0-A6EF-4E12-8AE6-D981004B8E21}.Debug|x64.ActiveCfg = Debug|x64
		{CB7EF7F0-A6EF-4E12-8AE6-D981004B8E21}.Debug|x64.Build.0 = Debug|x64
		{CB7EF7F0-A6EF-4E12-8AE6-D981004B8E21}.Release|Any CPU.ActiveCfg = Release|Win32
		{CB7EF7F0-A6EF-4E12-8AE6-D981004B8E21}.Release|Mixed Platforms.ActiveCfg = Release|Win32
		{CB7EF7F0-A6EF-4E12-8AE6-D981004B8E21}.Release|Mixed Platforms.Build.0 = Release|Win32
		{CB7EF7F0-A6EF-4E12-8AE6-D981004B8E21}.Release|Win32.ActiveCfg = Release|Win32
		{CB7EF7F0-A6EF-4E12-8AE6-D981004B8E21}.Release|Win32.Build.0 = Release|Win32
		{CB7EF7F0-A6EF-4E12-8AE6-D981004B8E21}.Release|x64.ActiveCfg = Release|x64
		{CB7EF7F0-A6EF-4E12-8AE6-D981004B8E21}.Release|x64.Build.0 = Release|x64
		{94199E02-2A91-4968-8544-316A15339E19}.Debug|Any CPU.ActiveCfg = Debug|Win32
		{94199E02-2A91-4968-8544-316A15339E19}.Debug|Mixed Platforms.ActiveCfg = Debug|Win32
		{94199E02-2A91-4968-8544-316A15339E19}.Debug|Mixed Platforms.Build.0 = Debug|Win32
		{94199E02-2A91-4968-8544-316A15339E19}.Debug|Win32.ActiveCfg = Debug|Win32
		{94199E02-2A91-4968-8544-316A15339E19}.Debug|Win32.Build.0 = Debug|Win32
		{94199E02-2A91-4968-8544-316A15339E19}.Debug|x64.ActiveCfg = Debug|x64
		{94199E02-2A91-4968-8544-316A15339E19}.Debug|x64.Build.0 = Debug|x64
		{94199E02-2A91-4968-8544-316A15339E19}.Release|Any CPU.ActiveCfg = Release|Win32
		{94199E02-2A91-4968-8544-316A15339E19}.Release|Mixed Platforms.ActiveCfg = Release|Win32
		{94199E02-2A91-4968-8544-316A15339E19}.Release|Mixed Platforms.Build.0 = Release|Win32
		{94199E02-2A91-4968-8544-316A15339E19}.Release|Win32.ActiveCfg = Release|Win32
		{94199E02-2A91-4968-8544-316A15339E19}.Release|Win32.Build.0 = Release|Win32
		{94199E02-2A91-4968-8544-316A15339E19}.Release|x64.ActiveCfg = Release|x64
		{94199E02-2A91-4968-8544-316A15339E19}.Release|x64.Build.0 = Release|x64
		{45F4F307-5C89-46E1-B92B-0A2E3489FF6F}.Debug|Any CPU.ActiveCfg = Debug|Any CPU
		{45F4F307-5C89-46E1-B92B-0A2E3489FF6F}.Debug|Any CPU.Build.0 = Debug|Any CPU
		{45F4F307-5C89-46E1-B92B-0A2E3489FF6F}.Debug|Mixed Platforms.ActiveCfg = Debug|Any CPU
		{45F4F307-5C89-46E1-B92B-0A2E3489FF6F}.Debug|Mixed Platforms.Build.0 = Debug|Any CPU
		{45F4F307-5C89-46E1-B92B-0A2E3489FF6F}.Debug|Win32.ActiveCfg = Debug|Any CPU
		{45F4F307-5C89-46E1-B92B-0A2E3489FF6F}.Debug|Win32.Build.0 = Debug|Any CPU
		{45F4F307-5C89-46E1-B92B-0A2E3489FF6F}.Debug|x64.ActiveCfg = Debug|Any CPU
		{45F4F307-5C89-46E1-B92B-0A2E3489FF6F}.Debug|x64.Build.0 = Debug|Any CPU
		{45F4F307-5C89-46E1-B92B-0A2E3489FF6F}.Release|Any CPU.ActiveCfg = Release|Any CPU
		{45F4F307-5C89-46E1-B92B-0A2E3489FF6F}.Release|Any CPU.Build.0 = Release|Any CPU
		{45F4F307-5C89-46E1-B92B-0A2E3489FF6F}.Release|Mixed Platforms.ActiveCfg = Release|Any CPU
		{45F4F307-5C89-46E1-B92B-0A2E3489FF6F}.Release|Mixed Platforms.Build.0 = Release|Any CPU
		{45F4F307-5C89-46E1-B92B-0A2E3489FF6F}.Release|Win32.ActiveCfg = Release|Any CPU
		{45F4F307-5C89-46E1-B92B-0A2E3489FF6F}.Release|Win32.Build.0 = Release|Any CPU
		{45F4F307-5C89-46E1-B92B-0A2E3489FF6F}.Release|x64.ActiveCfg = Release|Any CPU
		{45F4F307-5C89-46E1-B92B-0A2E3489FF6F}.Release|x64.Build.0 = Release|Any CPU
		{7710BEA3-39DC-4485-893F-ED4D9CA91973}.Debug|Any CPU.ActiveCfg = Debug|Win32
		{7710BEA3-39DC-4485-893F-ED4D9CA91973}.Debug|Mixed Platforms.ActiveCfg = Debug|Win32
		{7710BEA3-39DC-4485-893F-ED4D9CA91973}.Debug|Mixed Platforms.Build.0 = Debug|Win32
		{7710BEA3-39DC-4485-893F-ED4D9CA91973}.Debug|Win32.ActiveCfg = Debug|Win32
		{7710BEA3-39DC-4485-893F-ED4D9CA91973}.Debug|Win32.Build.0 = Debug|Win32
		{7710BEA3-39DC-4485-893F-ED4D9CA91973}.Debug|x64.ActiveCfg = Debug|x64
		{7710BEA3-39DC-4485-893F-ED4D9CA91973}.Debug|x64.Build.0 = Debug|x64
		{7710BEA3-39DC-4485-893F-ED4D9CA91973}.Release|Any CPU.ActiveCfg = Release|Win32
		{7710BEA3-39DC-4485-893F-ED4D9CA91973}.Release|Mixed Platforms.ActiveCfg = Release|Win32
		{7710BEA3-39DC-4485-893F-ED4D9CA91973}.Release|Mixed Platforms.Build.0 = Release|Win32
		{7710BEA3-39DC-4485-893F-ED4D9CA91973}.Release|Win32.ActiveCfg = Release|Win32
		{7710BEA3-39DC-4485-893F-ED4D9CA91973}.Release|Win32.Build.0 = Release|Win32
		{7710BEA3-39DC-4485-893F-ED4D9CA91973}.Release|x64.ActiveCfg = Release|x64
		{7710BEA3-39DC-4485-893F-ED4D9CA91973}.Release|x64.Build.0 = Release|x64
		{00733F60-F7DC-41FD-9211-9421698EC3AA}.Debug|Any CPU.ActiveCfg = Debug|Win32
		{00733F60-F7DC-41FD-9211-9421698EC3AA}.Debug|Mixed Platforms.ActiveCfg = Debug|Win32
		{00733F60-F7DC-41FD-9211-9421698EC3AA}.Debug|Mixed Platforms.Build.0 = Debug|Win32
		{00733F60-F7DC-41FD-9211-9421698EC3AA}.Debug|Win32.ActiveCfg = Debug|Win32
		{00733F60-F7DC-41FD-9211-9421698EC3AA}.Debug|Win32.Build.0 = Debug|Win32
		{00733F60-F7DC-41FD-9211-9421698EC3AA}.Debug|x64.ActiveCfg = Debug|x64
		{00733F60-F7DC-41FD-9211-9421698EC3AA}.Debug|x64.Build.0 = Debug|x64
		{00733F60-F7DC-41FD-9211-9421698EC3AA}.Release|Any CPU.ActiveCfg = Release|Win32
		{00733F60-F7DC-41FD-9211-9421698EC3AA}.Release|Mixed Platforms.ActiveCfg = Release|Win32
		{00733F60-F7DC-41FD-9211-9421698EC3AA}.Release|Mixed Platforms.Build.0 = Release|Win32
		{00733F60-F7DC-41FD-9211-9421698EC3AA}.Release|Win32.ActiveCfg = Release|Win32
		{00733F60-F7DC-41FD-9211-9421698EC3AA}.Release|Win32.Build.0 = Release|Win32
		{00733F60-F7DC-41FD-9211-9421698EC3AA}.Release|x64.ActiveCfg = Release|x64
		{00733F60-F7DC-41FD-9211-9421698EC3AA}.Release|x64.Build.0 = Release|x64
		{9682BD28-DA8C-4E37-810B-FC66EF53AE17}.Debug|Any CPU.ActiveCfg = Debug|Win32
		{9682BD28-DA8C-4E37-810B-FC66EF53AE17}.Debug|Mixed Platforms.ActiveCfg = Debug|Win32
		{9682BD28-DA8C-4E37-810B-FC66EF53AE17}.Debug|Mixed Platforms.Build.0 = Debug|Win32
		{9682BD28-DA8C-4E37-810B-FC66EF53AE17}.Debug|Win32.ActiveCfg = Debug|Win32
		{9682BD28-DA8C-4E37-810B-FC66EF53AE17}.Debug|Win32.Build.0 = Debug|Win32
		{9682BD28-DA8C-4E37-810B-FC66EF53AE17}.Debug|x64.ActiveCfg = Debug|x64
		{9682BD28-DA8C-4E37-810B-FC66EF53AE17}.Debug|x64.Build.0 = Debug|x64
		{9682BD28-DA8C-4E37-810B-FC66EF53AE17}.Release|Any CPU.ActiveCfg = Release|Win32
		{9682BD28-DA8C-4E37-810B-FC66EF53AE17}.Release|Mixed Platforms.ActiveCfg = Release|Win32
		{9682BD28-DA8C-4E37-810B-FC66EF53AE17}.Release|Mixed Platforms.Build.0 = Release|Win32
		{9682BD28-DA8C-4E37-810B-FC66EF53AE17}.Release|Win32.ActiveCfg = Release|Win32
		{9682BD28-DA8C-4E37-810B-FC66EF53AE17}.Release|Win32.Build.0 = Release|Win32
		{9682BD28-DA8C-4E37-810B-FC66EF53AE17}.Release|x64.ActiveCfg = Release|x64
		{9682BD28-DA8C-4E37-810B-FC66EF53AE17}.Release|x64.Build.0 = Release|x64
		{8E2F76A2-59B5-4DF7-8062-EBD6FCF0C8B3}.Debug|Any CPU.ActiveCfg = Debug|Win32
		{8E2F76A2-59B5-4DF7-8062-EBD6FCF0C8B3}.Debug|Mixed Platforms.ActiveCfg = Debug|Win32
		{8E2F76A2-59B5-4DF7-8062-EBD6FCF0C8B3}.Debug|Mixed Platforms.Build.0 = Debug|Win32
		{8E2F76A2-59B5-4DF7-8062-EBD6FCF0C8B3}.Debug|Win32.ActiveCfg = Debug|Win32
		{8E2F76A2-59B5-4DF7-8062-EBD6FCF0C8B3}.Debug|Win32.Build.0 = Debug|Win32
		{8E2F76A2-59B5-4DF7-8062-EBD6FCF0C8B3}.Debug|x64.ActiveCfg = Debug|x64
		{8E2F76A2-59B5-4DF7-8062-EBD6FCF0C8B3}.Debug|x64.Build.0 = Debug|x64
		{8E2F76A2-59B5-4DF7-8062-EBD6FCF0C8B3}.Release|Any CPU.ActiveCfg = Release|Win32
		{8E2F76A2-59B5-4DF7-8062-EBD6FCF0C8B3}.Release|Mixed Platforms.ActiveCfg = Release|Win32
		{8E2F76A2-59B5-4DF7-8062-EBD6FCF0C8B3}.Release|Mixed Platforms.Build.0 = Release|Win32
		{8E2F76A2-59B5-4DF7-8062-EBD6FCF0C8B3}.Release|Win32.ActiveCfg = Release|Win32
		{8E2F76A2-59B5-4DF7-8062-EBD6FCF0C8B3}.Release|Win32.Build.0 = Release|Win32
		{8E2F76A2-59B5-4DF7-8062-EBD6FCF0C8B3}.Release|x64.ActiveCfg = Release|x64
		{8E2F76A2-59B5-4DF7-8062-EBD6FCF0C8B3}.Release|x64.Build.0 = Release|x64
		{E2876CFE-801F-461E-A682-6F49471DAD02}.Debug|Any CPU.ActiveCfg = Debug|Win32
		{E2876CFE-801F-461E-A682-6F49471DAD02}.Debug|Mixed Platforms.ActiveCfg = Debug|Win32
		{E2876CFE-801F-461E-A682-6F49471DAD02}.Debug|Mixed Platforms.Build.0 = Debug|Win32
		{E2876CFE-801F-461E-A682-6F49471DAD02}.Debug|Win32.ActiveCfg = Debug|Win32
		{E2876CFE-801F-461E-A682-6F49471DAD02}.Debug|Win32.Build.0 = Debug|Win32
		{E2876CFE-801F-461E-A682-6F49471DAD02}.Debug|x64.ActiveCfg = Debug|x64
		{E2876CFE-801F-461E-A682-6F49471DAD02}.Debug|x64.Build.0 = Debug|x64
		{E2876CFE-801F-461E-A682-6F49471DAD02}.Release|Any CPU.ActiveCfg = Release|Win32
		{E2876CFE-801F-461E-A682-6F49471DAD02}.Release|Mixed Platforms.ActiveCfg = Release|Win32
		{E2876CFE-801F-461E-A682-6F49471DAD02}.Release|Mixed Platforms.Build.0 = Release|Win32
		{E2876CFE-801F-461E-A682-6F49471DAD02}.Release|Win32.ActiveCfg = Release|Win32
		{E2876CFE-801F-461E-A682-6F49471DAD02}.Release|Win32.Build.0 = Release|Win32
		{E2876CFE-801F-461E-A682-6F49471DAD02}.Release|x64.ActiveCfg = Release|x64
		{E2876CFE-801F-461E-A682-6F49471DAD02}.Release|x64.Build.0 = Release|x64
		{BF473517-E702-4911-90EC-863C27ACF274}.Debug|Any CPU.ActiveCfg = Debug|Win32
		{BF473517-E702-4911-90EC-863C27ACF274}.Debug|Mixed Platforms.ActiveCfg = Debug|Win32
		{BF473517-E702-4911-90EC-863C27ACF274}.Debug|Mixed Platforms.Build.0 = Debug|Win32
		{BF473517-E702-4911-90EC-863C27ACF274}.Debug|Win32.ActiveCfg = Debug|Win32
		{BF473517-E702-4911-90EC-863C27ACF274}.Debug|Win32.Build.0 = Debug|Win32
		{BF473517-E702-4911-90EC-863C27ACF274}.Debug|x64.ActiveCfg = Debug|x64
		{BF473517-E702-4911-90EC-863C27ACF274}.Debug|x64.Build.0 = Debug|x64
		{BF473517-E702-4911-90EC-863C27ACF274}.Release|Any CPU.ActiveCfg = Release|Win32
		{BF473517-E702-4911-90EC-863C27ACF274}.Release|Mixed Platforms.ActiveCfg = Release|Win32
		{BF473517-E702-4911-90EC-863C27ACF274}.Release|Mixed Platforms.Build.0 = Release|Win32
		{BF473517-E702-4911-90EC-863C27ACF274}.Release|Win32.ActiveCfg = Release|Win32
		{BF473517-E702-4911-90EC-863C27ACF274}.Release|Win32.Build.0 = Release|Win32
		{BF473517-E702-4911-90EC-863C27ACF274}.Release|x64.ActiveCfg = Release|x64
		{BF473517-E702-4911-90EC-863C27ACF274}.Release|x64.Build.0 = Release|x64
		{A2D4D6C8-A801-4C03-A42A-2C827A1631D1}.Debug|Any CPU.ActiveCfg = Debug|Win32
		{A2D4D6C8-A801-4C03-A42A-2C827A1631D1}.Debug|Mixed Platforms.ActiveCfg = Debug|Win32
		{A2D4D6C8-A801-4C03-A42A-2C827A1631D1}.Debug|Mixed Platforms.Build.0 = Debug|Win32
		{A2D4D6C8-A801-4C03-A42A-2C827A1631D1}.Debug|Win32.ActiveCfg = Debug|Win32
		{A2D4D6C8-A801-4C03-A42A-2C827A1631D1}.Debug|Win32.Build.0 = Debug|Win32
		{A2D4D6C8-A801-4C03-A42A-2C827A1631D1}.Debug|x64.ActiveCfg = Debug|x64
		{A2D4D6C8-A801-4C03-A42A-2C827A1631D1}.Debug|x64.Build.0 = Debug|x64
		{A2D4D6C8-A801-4C03-A42A-2C827A1631D1}.Release|Any CPU.ActiveCfg = Release|Win32
		{A2D4D6C8-A801-4C03-A42A-2C827A1631D1}.Release|Mixed Platforms.ActiveCfg = Release|Win32
		{A2D4D6C8-A801-4C03-A42A-2C827A1631D1}.Release|Mixed Platforms.Build.0 = Release|Win32
		{A2D4D6C8-A801-4C03-A42A-2C827A1631D1}.Release|Win32.ActiveCfg = Release|Win32
		{A2D4D6C8-A801-4C03-A42A-2C827A1631D1}.Release|Win32.Build.0 = Release|Win32
		{A2D4D6C8-A801-4C03-A42A-2C827A1631D1}.Release|x64.ActiveCfg = Release|x64
		{A2D4D6C8-A801-4C03-A42A-2C827A1631D1}.Release|x64.Build.0 = Release|x64
		{3AF2FACF-57B4-400A-B17A-AB28A4766790}.Debug|Any CPU.ActiveCfg = Debug|Any CPU
		{3AF2FACF-57B4-400A-B17A-AB28A4766790}.Debug|Any CPU.Build.0 = Debug|Any CPU
		{3AF2FACF-57B4-400A-B17A-AB28A4766790}.Debug|Mixed Platforms.ActiveCfg = Debug|Any CPU
		{3AF2FACF-57B4-400A-B17A-AB28A4766790}.Debug|Mixed Platforms.Build.0 = Debug|Any CPU
		{3AF2FACF-57B4-400A-B17A-AB28A4766790}.Debug|Win32.ActiveCfg = Debug|Any CPU
		{3AF2FACF-57B4-400A-B17A-AB28A4766790}.Debug|Win32.Build.0 = Debug|Any CPU
		{3AF2FACF-57B4-400A-B17A-AB28A4766790}.Debug|x64.ActiveCfg = Debug|Any CPU
		{3AF2FACF-57B4-400A-B17A-AB28A4766790}.Debug|x64.Build.0 = Debug|Any CPU
		{3AF2FACF-57B4-400A-B17A-AB28A4766790}.Release|Any CPU.ActiveCfg = Release|Any CPU
		{3AF2FACF-57B4-400A-B17A-AB28A4766790}.Release|Any CPU.Build.0 = Release|Any CPU
		{3AF2FACF-57B4-400A-B17A-AB28A4766790}.Release|Mixed Platforms.ActiveCfg = Release|Any CPU
		{3AF2FACF-57B4-400A-B17A-AB28A4766790}.Release|Mixed Platforms.Build.0 = Release|Any CPU
		{3AF2FACF-57B4-400A-B17A-AB28A4766790}.Release|Win32.ActiveCfg = Release|Any CPU
		{3AF2FACF-57B4-400A-B17A-AB28A4766790}.Release|Win32.Build.0 = Release|Any CPU
		{3AF2FACF-57B4-400A-B17A-AB28A4766790}.Release|x64.ActiveCfg = Release|Any CPU
		{3AF2FACF-57B4-400A-B17A-AB28A4766790}.Release|x64.Build.0 = Release|Any CPU
		{BF5828C6-5119-4350-B845-E0BE82CE651F}.Debug|Any CPU.ActiveCfg = Debug|Win32
		{BF5828C6-5119-4350-B845-E0BE82CE651F}.Debug|Mixed Platforms.ActiveCfg = Debug|Win32
		{BF5828C6-5119-4350-B845-E0BE82CE651F}.Debug|Mixed Platforms.Build.0 = Debug|Win32
		{BF5828C6-5119-4350-B845-E0BE82CE651F}.Debug|Win32.ActiveCfg = Debug|Win32
		{BF5828C6-5119-4350-B845-E0BE82CE651F}.Debug|Win32.Build.0 = Debug|Win32
		{BF5828C6-5119-4350-B845-E0BE82CE651F}.Debug|x64.ActiveCfg = Debug|x64
		{BF5828C6-5119-4350-B845-E0BE82CE651F}.Debug|x64.Build.0 = Debug|x64
		{BF5828C6-5119-4350-B845-E0BE82CE651F}.Release|Any CPU.ActiveCfg = Release|Win32
		{BF5828C6-5119-4350-B845-E0BE82CE651F}.Release|Mixed Platforms.ActiveCfg = Release|Win32
		{BF5828C6-5119-4350-B845-E0BE82CE651F}.Release|Mixed Platforms.Build.0 = Release|Win32
		{BF5828C6-5119-4350-B845-E0BE82CE651F}.Release|Win32.ActiveCfg = Release|Win32
		{BF5828C6-5119-4350-B845-E0BE82CE651F}.Release|Win32.Build.0 = Release|Win32
		{BF5828C6-5119-4350-B845-E0BE82CE651F}.Release|x64.ActiveCfg = Release|x64
		{BF5828C6-5119-4350-B845-E0BE82CE651F}.Release|x64.Build.0 = Release|x64
	EndGlobalSection
	GlobalSection(SolutionProperties) = preSolution
		HideSolutionNode = FALSE
	EndGlobalSection
	GlobalSection(ExtensibilityGlobals) = postSolution
		SolutionGuid = {D70CEC2A-04B6-455E-A089-CEA95F2247C1}
	EndGlobalSection
EndGlobal
