
Microsoft Visual Studio Solution File, Format Version 9.00
# Visual Studio 2005
Project("{8BC9CEB8-8B4A-11D0-8D11-00A0C91BC942}") = "SA_DSP", "DSP\SA_DSP.vcproj", "{BB3F670E-28AF-42CE-9C9F-DE267D3CB986}"
EndProject
Project("{8BC9CEB8-8B4A-11D0-8D11-00A0C91BC942}") = "SA_ENU", "SA_ENU\SA_ENU.vcproj", "{23E56F0E-30A8-4CF2-AB4D-5B1ED39CD268}"
EndProject
Project("{8BC9CEB8-8B4A-11D0-8D11-00A0C91BC942}") = "SA_KLATT", "Synthesis\SA_Klatt\SA_KLATT.vcproj", "{C27ADB97-DE1A-4820-8CF5-7554CF677995}"
EndProject
Project("{8BC9CEB8-8B4A-11D0-8D11-00A0C91BC942}") = "SaUnicode", "SaUnicode.vcproj", "{67914272-7CF2-4E5B-A0EC-54728888A13D}"
	ProjectSection(ProjectDependencies) = postProject
		{F8066672-47AB-44DA-8698-AD978581A138} = {F8066672-47AB-44DA-8698-AD978581A138}
		{8042B26B-82A5-4B16-9A13-9A7F15A2639B} = {8042B26B-82A5-4B16-9A13-9A7F15A2639B}
		{C27ADB97-DE1A-4820-8CF5-7554CF677995} = {C27ADB97-DE1A-4820-8CF5-7554CF677995}
		{23E56F0E-30A8-4CF2-AB4D-5B1ED39CD268} = {23E56F0E-30A8-4CF2-AB4D-5B1ED39CD268}
		{BB3F670E-28AF-42CE-9C9F-DE267D3CB986} = {BB3F670E-28AF-42CE-9C9F-DE267D3CB986}
		{70E56708-42C2-4233-AF98-DC57F936C968} = {70E56708-42C2-4233-AF98-DC57F936C968}
	EndProjectSection
EndProject
Project("{8BC9CEB8-8B4A-11D0-8D11-00A0C91BC942}") = "mbrola", "SYNTHESIS\MBROLA\mbrola.vcproj", "{70E56708-42C2-4233-AF98-DC57F936C968}"
EndProject
Project("{8BC9CEB8-8B4A-11D0-8D11-00A0C91BC942}") = "sfSettings", "Settings\sfSettings.vcproj", "{8042B26B-82A5-4B16-9A13-9A7F15A2639B}"
EndProject
Project("{8BC9CEB8-8B4A-11D0-8D11-00A0C91BC942}") = "zGraph", "zGraph\zGraph.vcproj", "{F8066672-47AB-44DA-8698-AD978581A138}"
EndProject
Global
	GlobalSection(SolutionConfigurationPlatforms) = preSolution
		UDebug|Win32 = UDebug|Win32
		URelease|Win32 = URelease|Win32
	EndGlobalSection
	GlobalSection(ProjectConfigurationPlatforms) = postSolution
		{BB3F670E-28AF-42CE-9C9F-DE267D3CB986}.UDebug|Win32.ActiveCfg = UDebug|Win32
		{BB3F670E-28AF-42CE-9C9F-DE267D3CB986}.UDebug|Win32.Build.0 = UDebug|Win32
		{BB3F670E-28AF-42CE-9C9F-DE267D3CB986}.URelease|Win32.ActiveCfg = URelease|Win32
		{BB3F670E-28AF-42CE-9C9F-DE267D3CB986}.URelease|Win32.Build.0 = URelease|Win32
		{23E56F0E-30A8-4CF2-AB4D-5B1ED39CD268}.UDebug|Win32.ActiveCfg = UDebug|Win32
		{23E56F0E-30A8-4CF2-AB4D-5B1ED39CD268}.UDebug|Win32.Build.0 = UDebug|Win32
		{23E56F0E-30A8-4CF2-AB4D-5B1ED39CD268}.URelease|Win32.ActiveCfg = URelease|Win32
		{23E56F0E-30A8-4CF2-AB4D-5B1ED39CD268}.URelease|Win32.Build.0 = URelease|Win32
		{C27ADB97-DE1A-4820-8CF5-7554CF677995}.UDebug|Win32.ActiveCfg = UDebug|Win32
		{C27ADB97-DE1A-4820-8CF5-7554CF677995}.UDebug|Win32.Build.0 = UDebug|Win32
		{C27ADB97-DE1A-4820-8CF5-7554CF677995}.URelease|Win32.ActiveCfg = URelease|Win32
		{C27ADB97-DE1A-4820-8CF5-7554CF677995}.URelease|Win32.Build.0 = URelease|Win32
		{67914272-7CF2-4E5B-A0EC-54728888A13D}.UDebug|Win32.ActiveCfg = UDebug|Win32
		{67914272-7CF2-4E5B-A0EC-54728888A13D}.UDebug|Win32.Build.0 = UDebug|Win32
		{67914272-7CF2-4E5B-A0EC-54728888A13D}.URelease|Win32.ActiveCfg = URelease|Win32
		{67914272-7CF2-4E5B-A0EC-54728888A13D}.URelease|Win32.Build.0 = URelease|Win32
		{70E56708-42C2-4233-AF98-DC57F936C968}.UDebug|Win32.ActiveCfg = UDebug|Win32
		{70E56708-42C2-4233-AF98-DC57F936C968}.UDebug|Win32.Build.0 = UDebug|Win32
		{70E56708-42C2-4233-AF98-DC57F936C968}.URelease|Win32.ActiveCfg = URelease|Win32
		{70E56708-42C2-4233-AF98-DC57F936C968}.URelease|Win32.Build.0 = URelease|Win32
		{8042B26B-82A5-4B16-9A13-9A7F15A2639B}.UDebug|Win32.ActiveCfg = UDebug|Win32
		{8042B26B-82A5-4B16-9A13-9A7F15A2639B}.UDebug|Win32.Build.0 = UDebug|Win32
		{8042B26B-82A5-4B16-9A13-9A7F15A2639B}.URelease|Win32.ActiveCfg = URelease|Win32
		{8042B26B-82A5-4B16-9A13-9A7F15A2639B}.URelease|Win32.Build.0 = URelease|Win32
		{F8066672-47AB-44DA-8698-AD978581A138}.UDebug|Win32.ActiveCfg = UDebug|Win32
		{F8066672-47AB-44DA-8698-AD978581A138}.UDebug|Win32.Build.0 = UDebug|Win32
		{F8066672-47AB-44DA-8698-AD978581A138}.URelease|Win32.ActiveCfg = URelease|Win32
		{F8066672-47AB-44DA-8698-AD978581A138}.URelease|Win32.Build.0 = URelease|Win32
	EndGlobalSection
	GlobalSection(SolutionProperties) = preSolution
		HideSolutionNode = FALSE
	EndGlobalSection
EndGlobal
