
Microsoft Visual Studio Solution File, Format Version 11.00
# Visual Studio 2010
Project("{8BC9CEB8-8B4A-11D0-8D11-00A0C91BC942}") = "SA_DSP", "SaExe\DSP\SA_DSP.vcxproj", "{BB3F670E-28AF-42CE-9C9F-DE267D3CB986}"
EndProject
Project("{8BC9CEB8-8B4A-11D0-8D11-00A0C91BC942}") = "SA_ENU", "SaExe\sa_enu\SA_ENU.vcxproj", "{23E56F0E-30A8-4CF2-AB4D-5B1ED39CD268}"
EndProject
Project("{8BC9CEB8-8B4A-11D0-8D11-00A0C91BC942}") = "SA_KLATT", "SaExe\Synthesis\sa_klatt\SA_KLATT.vcxproj", "{C27ADB97-DE1A-4820-8CF5-7554CF677995}"
EndProject
Project("{8BC9CEB8-8B4A-11D0-8D11-00A0C91BC942}") = "SaUnicode", "SaExe\SaUnicode.vcxproj", "{67914272-7CF2-4E5B-A0EC-54728888A13D}"
EndProject
Project("{8BC9CEB8-8B4A-11D0-8D11-00A0C91BC942}") = "mbrola", "SaExe\SYNTHESIS\MBROLA\mbrola.vcxproj", "{70E56708-42C2-4233-AF98-DC57F936C968}"
EndProject
Project("{8BC9CEB8-8B4A-11D0-8D11-00A0C91BC942}") = "sfSettings", "SaExe\Settings\sfSettings.vcxproj", "{8042B26B-82A5-4B16-9A13-9A7F15A2639B}"
EndProject
Project("{8BC9CEB8-8B4A-11D0-8D11-00A0C91BC942}") = "zGraph", "SaExe\ZGraph\zGraph.vcxproj", "{F8066672-47AB-44DA-8698-AD978581A138}"
EndProject
Project("{2150E333-8FDC-42A3-9474-1A3956D46DE8}") = "Solution Items", "Solution Items", "{FD39365A-DA96-43AD-87ED-0E9ABBD02D21}"
	ProjectSection(SolutionItems) = preProject
		Local.testsettings = Local.testsettings
		MSEA.2010.vsmdi = MSEA.2010.vsmdi
		TraceAndTestImpact.testsettings = TraceAndTestImpact.testsettings
	EndProjectSection
EndProject
Global
	GlobalSection(TestCaseManagementSettings) = postSolution
		CategoryFile = MSEA.2010.vsmdi
	EndGlobalSection
	GlobalSection(SolutionConfigurationPlatforms) = preSolution
		Debug|Win32 = Debug|Win32
		Release|Win32 = Release|Win32
	EndGlobalSection
	GlobalSection(ProjectConfigurationPlatforms) = postSolution
		{BB3F670E-28AF-42CE-9C9F-DE267D3CB986}.Debug|Win32.ActiveCfg = Debug|Win32
		{BB3F670E-28AF-42CE-9C9F-DE267D3CB986}.Debug|Win32.Build.0 = Debug|Win32
		{BB3F670E-28AF-42CE-9C9F-DE267D3CB986}.Release|Win32.ActiveCfg = Release|Win32
		{BB3F670E-28AF-42CE-9C9F-DE267D3CB986}.Release|Win32.Build.0 = Release|Win32
		{23E56F0E-30A8-4CF2-AB4D-5B1ED39CD268}.Debug|Win32.ActiveCfg = Debug|Win32
		{23E56F0E-30A8-4CF2-AB4D-5B1ED39CD268}.Debug|Win32.Build.0 = Debug|Win32
		{23E56F0E-30A8-4CF2-AB4D-5B1ED39CD268}.Release|Win32.ActiveCfg = Release|Win32
		{23E56F0E-30A8-4CF2-AB4D-5B1ED39CD268}.Release|Win32.Build.0 = Release|Win32
		{C27ADB97-DE1A-4820-8CF5-7554CF677995}.Debug|Win32.ActiveCfg = Debug|Win32
		{C27ADB97-DE1A-4820-8CF5-7554CF677995}.Debug|Win32.Build.0 = Debug|Win32
		{C27ADB97-DE1A-4820-8CF5-7554CF677995}.Release|Win32.ActiveCfg = Release|Win32
		{C27ADB97-DE1A-4820-8CF5-7554CF677995}.Release|Win32.Build.0 = Release|Win32
		{67914272-7CF2-4E5B-A0EC-54728888A13D}.Debug|Win32.ActiveCfg = Debug|Win32
		{67914272-7CF2-4E5B-A0EC-54728888A13D}.Debug|Win32.Build.0 = Debug|Win32
		{67914272-7CF2-4E5B-A0EC-54728888A13D}.Release|Win32.ActiveCfg = Release|Win32
		{67914272-7CF2-4E5B-A0EC-54728888A13D}.Release|Win32.Build.0 = Release|Win32
		{70E56708-42C2-4233-AF98-DC57F936C968}.Debug|Win32.ActiveCfg = Debug|Win32
		{70E56708-42C2-4233-AF98-DC57F936C968}.Debug|Win32.Build.0 = Debug|Win32
		{70E56708-42C2-4233-AF98-DC57F936C968}.Release|Win32.ActiveCfg = Release|Win32
		{70E56708-42C2-4233-AF98-DC57F936C968}.Release|Win32.Build.0 = Release|Win32
		{8042B26B-82A5-4B16-9A13-9A7F15A2639B}.Debug|Win32.ActiveCfg = Debug|Win32
		{8042B26B-82A5-4B16-9A13-9A7F15A2639B}.Debug|Win32.Build.0 = Debug|Win32
		{8042B26B-82A5-4B16-9A13-9A7F15A2639B}.Release|Win32.ActiveCfg = Release|Win32
		{8042B26B-82A5-4B16-9A13-9A7F15A2639B}.Release|Win32.Build.0 = Release|Win32
		{F8066672-47AB-44DA-8698-AD978581A138}.Debug|Win32.ActiveCfg = Debug|Win32
		{F8066672-47AB-44DA-8698-AD978581A138}.Debug|Win32.Build.0 = Debug|Win32
		{F8066672-47AB-44DA-8698-AD978581A138}.Release|Win32.ActiveCfg = Release|Win32
		{F8066672-47AB-44DA-8698-AD978581A138}.Release|Win32.Build.0 = Release|Win32
	EndGlobalSection
	GlobalSection(SolutionProperties) = preSolution
		HideSolutionNode = FALSE
	EndGlobalSection
EndGlobal
