
Microsoft Visual Studio Solution File, Format Version 11.00
# Visual Studio 2010
Project("{8BC9CEB8-8B4A-11D0-8D11-00A0C91BC942}") = "SA", "SA\Sa.vcxproj", "{67914272-7CF2-4E5B-A0EC-54728888A13D}"
	ProjectSection(ProjectDependencies) = postProject
		{94199E02-2A91-4968-8544-316A15339E19} = {94199E02-2A91-4968-8544-316A15339E19}
		{45F4F307-5C89-46E1-B92B-0A2E3489FF6F} = {45F4F307-5C89-46E1-B92B-0A2E3489FF6F}
		{D8D07210-F968-4438-919C-456B0CDB6E26} = {D8D07210-F968-4438-919C-456B0CDB6E26}
		{2C51801D-26B9-4ED5-81B2-324E5AAB3FD8} = {2C51801D-26B9-4ED5-81B2-324E5AAB3FD8}
		{00733F60-F7DC-41FD-9211-9421698EC3AA} = {00733F60-F7DC-41FD-9211-9421698EC3AA}
		{8E2F76A2-59B5-4DF7-8062-EBD6FCF0C8B3} = {8E2F76A2-59B5-4DF7-8062-EBD6FCF0C8B3}
		{7710BEA3-39DC-4485-893F-ED4D9CA91973} = {7710BEA3-39DC-4485-893F-ED4D9CA91973}
		{315EE7BF-EAE2-42C0-BFC6-CCA9160F3CFE} = {315EE7BF-EAE2-42C0-BFC6-CCA9160F3CFE}
		{FECB5BEB-AB05-454A-BB14-6A554E897274} = {FECB5BEB-AB05-454A-BB14-6A554E897274}
	EndProjectSection
EndProject
Project("{8BC9CEB8-8B4A-11D0-8D11-00A0C91BC942}") = "WaveUtils", "WaveUtils\WaveUtils.vcxproj", "{7710BEA3-39DC-4485-893F-ED4D9CA91973}"
	ProjectSection(ProjectDependencies) = postProject
		{8E2F76A2-59B5-4DF7-8062-EBD6FCF0C8B3} = {8E2F76A2-59B5-4DF7-8062-EBD6FCF0C8B3}
	EndProjectSection
EndProject
Project("{8BC9CEB8-8B4A-11D0-8D11-00A0C91BC942}") = "WaveUtils_Test", "WaveUtils\Test\WaveUtils_Test.vcxproj", "{EA21B139-5D66-46F9-A6B7-11D2647E8947}"
	ProjectSection(ProjectDependencies) = postProject
		{94199E02-2A91-4968-8544-316A15339E19} = {94199E02-2A91-4968-8544-316A15339E19}
		{D8D07210-F968-4438-919C-456B0CDB6E26} = {D8D07210-F968-4438-919C-456B0CDB6E26}
		{2C51801D-26B9-4ED5-81B2-324E5AAB3FD8} = {2C51801D-26B9-4ED5-81B2-324E5AAB3FD8}
		{00733F60-F7DC-41FD-9211-9421698EC3AA} = {00733F60-F7DC-41FD-9211-9421698EC3AA}
		{7710BEA3-39DC-4485-893F-ED4D9CA91973} = {7710BEA3-39DC-4485-893F-ED4D9CA91973}
	EndProjectSection
EndProject
Project("{8BC9CEB8-8B4A-11D0-8D11-00A0C91BC942}") = "zGraph", "ZGraph\zGraph.vcxproj", "{F8066672-47AB-44DA-8698-AD978581A138}"
EndProject
Project("{8BC9CEB8-8B4A-11D0-8D11-00A0C91BC942}") = "mbrola", "MBROLA\mbrola.vcxproj", "{70E56708-42C2-4233-AF98-DC57F936C968}"
EndProject
Project("{8BC9CEB8-8B4A-11D0-8D11-00A0C91BC942}") = "SA_KLATT", "SA_KLATT\SA_KLATT.vcxproj", "{56F754F7-B130-4CCF-8A99-9422D3F0234D}"
EndProject
Project("{8BC9CEB8-8B4A-11D0-8D11-00A0C91BC942}") = "SA_ENU", "SA_ENU\SA_ENU.vcxproj", "{23E56F0E-30A8-4CF2-AB4D-5B1ED39CD268}"
EndProject
Project("{8BC9CEB8-8B4A-11D0-8D11-00A0C91BC942}") = "SA_DSP", "SA_DSP\SA_DSP.vcxproj", "{BB3F670E-28AF-42CE-9C9F-DE267D3CB986}"
EndProject
Project("{8BC9CEB8-8B4A-11D0-8D11-00A0C91BC942}") = "ElanUtils", "ElanUtils\ElanUtils.vcxproj", "{2C51801D-26B9-4ED5-81B2-324E5AAB3FD8}"
	ProjectSection(ProjectDependencies) = postProject
		{00733F60-F7DC-41FD-9211-9421698EC3AA} = {00733F60-F7DC-41FD-9211-9421698EC3AA}
	EndProjectSection
EndProject
Project("{8BC9CEB8-8B4A-11D0-8D11-00A0C91BC942}") = "LiftUtils", "LiftUtils\LiftUtils.vcxproj", "{94199E02-2A91-4968-8544-316A15339E19}"
	ProjectSection(ProjectDependencies) = postProject
		{D8D07210-F968-4438-919C-456B0CDB6E26} = {D8D07210-F968-4438-919C-456B0CDB6E26}
		{00733F60-F7DC-41FD-9211-9421698EC3AA} = {00733F60-F7DC-41FD-9211-9421698EC3AA}
		{8E2F76A2-59B5-4DF7-8062-EBD6FCF0C8B3} = {8E2F76A2-59B5-4DF7-8062-EBD6FCF0C8B3}
	EndProjectSection
EndProject
Project("{8BC9CEB8-8B4A-11D0-8D11-00A0C91BC942}") = "XMLUtils", "XMLUtils\XMLUtils.vcxproj", "{00733F60-F7DC-41FD-9211-9421698EC3AA}"
EndProject
Project("{8BC9CEB8-8B4A-11D0-8D11-00A0C91BC942}") = "FileUtils", "FileUtils\FileUtils.vcxproj", "{D8D07210-F968-4438-919C-456B0CDB6E26}"
EndProject
Project("{8BC9CEB8-8B4A-11D0-8D11-00A0C91BC942}") = "URIParser_Test", "uriparser\win32\Visual_Studio_2010\uriparser_test.vcxproj", "{9682BD28-DA8C-4E37-810B-FC66EF53AE17}"
EndProject
Project("{8BC9CEB8-8B4A-11D0-8D11-00A0C91BC942}") = "URIParser", "URIParser\win32\Visual_Studio_2010\URIParser.vcxproj", "{8E2F76A2-59B5-4DF7-8062-EBD6FCF0C8B3}"
EndProject
Project("{8BC9CEB8-8B4A-11D0-8D11-00A0C91BC942}") = "LiftUtils_Test", "LiftUtils\Test\Lift_Test.vcxproj", "{BF473517-E702-4911-90EC-863C27ACF274}"
	ProjectSection(ProjectDependencies) = postProject
		{94199E02-2A91-4968-8544-316A15339E19} = {94199E02-2A91-4968-8544-316A15339E19}
		{8E2F76A2-59B5-4DF7-8062-EBD6FCF0C8B3} = {8E2F76A2-59B5-4DF7-8062-EBD6FCF0C8B3}
	EndProjectSection
EndProject
Project("{8BC9CEB8-8B4A-11D0-8D11-00A0C91BC942}") = "ElanUtils_Test", "ElanUtils\Test\Elan_Test.vcxproj", "{E2876CFE-801F-461E-A682-6F49471DAD02}"
	ProjectSection(ProjectDependencies) = postProject
		{D8D07210-F968-4438-919C-456B0CDB6E26} = {D8D07210-F968-4438-919C-456B0CDB6E26}
		{2C51801D-26B9-4ED5-81B2-324E5AAB3FD8} = {2C51801D-26B9-4ED5-81B2-324E5AAB3FD8}
	EndProjectSection
EndProject
Project("{2150E333-8FDC-42A3-9474-1A3956D46DE8}") = "Solution Items", "Solution Items", "{0967172D-A284-4127-ADD5-BD36FEDF0297}"
	ProjectSection(SolutionItems) = preProject
		Local.testsettings = Local.testsettings
		SpeechAnalyzer2010.vsmdi = SpeechAnalyzer2010.vsmdi
		ST_Audio\ST_Audio.csproj = ST_Audio\ST_Audio.csproj
		TraceAndTestImpact.testsettings = TraceAndTestImpact.testsettings
	EndProjectSection
EndProject
Project("{FAE04EC0-301F-11D3-BF4B-00C04F79EFBC}") = "yeti.wmfsdk", "yeti.wmfsdk\yeti.wmfsdk.csproj", "{FECB5BEB-AB05-454A-BB14-6A554E897274}"
EndProject
Project("{FAE04EC0-301F-11D3-BF4B-00C04F79EFBC}") = "yeti.mmedia", "yeti.mmedia\yeti.mmedia.csproj", "{315EE7BF-EAE2-42C0-BFC6-CCA9160F3CFE}"
EndProject
Project("{FAE04EC0-301F-11D3-BF4B-00C04F79EFBC}") = "SAUtils", "SAUtils\SAUtils.csproj", "{45F4F307-5C89-46E1-B92B-0A2E3489FF6F}"
EndProject
Global
	GlobalSection(TestCaseManagementSettings) = postSolution
		CategoryFile = SpeechAnalyzer2010.vsmdi
	EndGlobalSection
	GlobalSection(SolutionConfigurationPlatforms) = preSolution
		Debug|Any CPU = Debug|Any CPU
		Debug|Mixed Platforms = Debug|Mixed Platforms
		Debug|Win32 = Debug|Win32
		Debug|x86 = Debug|x86
		Release|Any CPU = Release|Any CPU
		Release|Mixed Platforms = Release|Mixed Platforms
		Release|Win32 = Release|Win32
		Release|x86 = Release|x86
	EndGlobalSection
	GlobalSection(ProjectConfigurationPlatforms) = postSolution
		{67914272-7CF2-4E5B-A0EC-54728888A13D}.Debug|Any CPU.ActiveCfg = Debug|Win32
		{67914272-7CF2-4E5B-A0EC-54728888A13D}.Debug|Mixed Platforms.ActiveCfg = Debug|Win32
		{67914272-7CF2-4E5B-A0EC-54728888A13D}.Debug|Mixed Platforms.Build.0 = Debug|Win32
		{67914272-7CF2-4E5B-A0EC-54728888A13D}.Debug|Win32.ActiveCfg = Debug|Win32
		{67914272-7CF2-4E5B-A0EC-54728888A13D}.Debug|Win32.Build.0 = Debug|Win32
		{67914272-7CF2-4E5B-A0EC-54728888A13D}.Debug|x86.ActiveCfg = Debug|Win32
		{67914272-7CF2-4E5B-A0EC-54728888A13D}.Release|Any CPU.ActiveCfg = Release|Win32
		{67914272-7CF2-4E5B-A0EC-54728888A13D}.Release|Mixed Platforms.ActiveCfg = Release|Win32
		{67914272-7CF2-4E5B-A0EC-54728888A13D}.Release|Mixed Platforms.Build.0 = Release|Win32
		{67914272-7CF2-4E5B-A0EC-54728888A13D}.Release|Win32.ActiveCfg = Release|Win32
		{67914272-7CF2-4E5B-A0EC-54728888A13D}.Release|Win32.Build.0 = Release|Win32
		{67914272-7CF2-4E5B-A0EC-54728888A13D}.Release|x86.ActiveCfg = Release|Win32
		{7710BEA3-39DC-4485-893F-ED4D9CA91973}.Debug|Any CPU.ActiveCfg = Debug|Win32
		{7710BEA3-39DC-4485-893F-ED4D9CA91973}.Debug|Mixed Platforms.ActiveCfg = Debug|Win32
		{7710BEA3-39DC-4485-893F-ED4D9CA91973}.Debug|Mixed Platforms.Build.0 = Debug|Win32
		{7710BEA3-39DC-4485-893F-ED4D9CA91973}.Debug|Win32.ActiveCfg = Debug|Win32
		{7710BEA3-39DC-4485-893F-ED4D9CA91973}.Debug|Win32.Build.0 = Debug|Win32
		{7710BEA3-39DC-4485-893F-ED4D9CA91973}.Debug|x86.ActiveCfg = Debug|Win32
		{7710BEA3-39DC-4485-893F-ED4D9CA91973}.Release|Any CPU.ActiveCfg = Release|Win32
		{7710BEA3-39DC-4485-893F-ED4D9CA91973}.Release|Mixed Platforms.ActiveCfg = Release|Win32
		{7710BEA3-39DC-4485-893F-ED4D9CA91973}.Release|Mixed Platforms.Build.0 = Release|Win32
		{7710BEA3-39DC-4485-893F-ED4D9CA91973}.Release|Win32.ActiveCfg = Release|Win32
		{7710BEA3-39DC-4485-893F-ED4D9CA91973}.Release|Win32.Build.0 = Release|Win32
		{7710BEA3-39DC-4485-893F-ED4D9CA91973}.Release|x86.ActiveCfg = Release|Win32
		{EA21B139-5D66-46F9-A6B7-11D2647E8947}.Debug|Any CPU.ActiveCfg = Debug|Win32
		{EA21B139-5D66-46F9-A6B7-11D2647E8947}.Debug|Mixed Platforms.ActiveCfg = Debug|Win32
		{EA21B139-5D66-46F9-A6B7-11D2647E8947}.Debug|Mixed Platforms.Build.0 = Debug|Win32
		{EA21B139-5D66-46F9-A6B7-11D2647E8947}.Debug|Win32.ActiveCfg = Debug|Win32
		{EA21B139-5D66-46F9-A6B7-11D2647E8947}.Debug|Win32.Build.0 = Debug|Win32
		{EA21B139-5D66-46F9-A6B7-11D2647E8947}.Debug|x86.ActiveCfg = Debug|Win32
		{EA21B139-5D66-46F9-A6B7-11D2647E8947}.Release|Any CPU.ActiveCfg = Release|Win32
		{EA21B139-5D66-46F9-A6B7-11D2647E8947}.Release|Mixed Platforms.ActiveCfg = Debug|Win32
		{EA21B139-5D66-46F9-A6B7-11D2647E8947}.Release|Mixed Platforms.Build.0 = Debug|Win32
		{EA21B139-5D66-46F9-A6B7-11D2647E8947}.Release|Win32.ActiveCfg = Release|Win32
		{EA21B139-5D66-46F9-A6B7-11D2647E8947}.Release|x86.ActiveCfg = Release|Win32
		{F8066672-47AB-44DA-8698-AD978581A138}.Debug|Any CPU.ActiveCfg = Debug|Win32
		{F8066672-47AB-44DA-8698-AD978581A138}.Debug|Mixed Platforms.ActiveCfg = Debug|Win32
		{F8066672-47AB-44DA-8698-AD978581A138}.Debug|Mixed Platforms.Build.0 = Debug|Win32
		{F8066672-47AB-44DA-8698-AD978581A138}.Debug|Win32.ActiveCfg = Debug|Win32
		{F8066672-47AB-44DA-8698-AD978581A138}.Debug|Win32.Build.0 = Debug|Win32
		{F8066672-47AB-44DA-8698-AD978581A138}.Debug|x86.ActiveCfg = Debug|Win32
		{F8066672-47AB-44DA-8698-AD978581A138}.Release|Any CPU.ActiveCfg = Release|Win32
		{F8066672-47AB-44DA-8698-AD978581A138}.Release|Mixed Platforms.ActiveCfg = Release|Win32
		{F8066672-47AB-44DA-8698-AD978581A138}.Release|Mixed Platforms.Build.0 = Release|Win32
		{F8066672-47AB-44DA-8698-AD978581A138}.Release|Win32.ActiveCfg = Release|Win32
		{F8066672-47AB-44DA-8698-AD978581A138}.Release|Win32.Build.0 = Release|Win32
		{F8066672-47AB-44DA-8698-AD978581A138}.Release|x86.ActiveCfg = Release|Win32
		{70E56708-42C2-4233-AF98-DC57F936C968}.Debug|Any CPU.ActiveCfg = Debug|Win32
		{70E56708-42C2-4233-AF98-DC57F936C968}.Debug|Mixed Platforms.ActiveCfg = Debug|Win32
		{70E56708-42C2-4233-AF98-DC57F936C968}.Debug|Mixed Platforms.Build.0 = Debug|Win32
		{70E56708-42C2-4233-AF98-DC57F936C968}.Debug|Win32.ActiveCfg = Debug|Win32
		{70E56708-42C2-4233-AF98-DC57F936C968}.Debug|Win32.Build.0 = Debug|Win32
		{70E56708-42C2-4233-AF98-DC57F936C968}.Debug|x86.ActiveCfg = Debug|Win32
		{70E56708-42C2-4233-AF98-DC57F936C968}.Release|Any CPU.ActiveCfg = Release|Win32
		{70E56708-42C2-4233-AF98-DC57F936C968}.Release|Mixed Platforms.ActiveCfg = Release|Win32
		{70E56708-42C2-4233-AF98-DC57F936C968}.Release|Mixed Platforms.Build.0 = Release|Win32
		{70E56708-42C2-4233-AF98-DC57F936C968}.Release|Win32.ActiveCfg = Release|Win32
		{70E56708-42C2-4233-AF98-DC57F936C968}.Release|Win32.Build.0 = Release|Win32
		{70E56708-42C2-4233-AF98-DC57F936C968}.Release|x86.ActiveCfg = Release|Win32
		{56F754F7-B130-4CCF-8A99-9422D3F0234D}.Debug|Any CPU.ActiveCfg = Debug|Win32
		{56F754F7-B130-4CCF-8A99-9422D3F0234D}.Debug|Mixed Platforms.ActiveCfg = Debug|Win32
		{56F754F7-B130-4CCF-8A99-9422D3F0234D}.Debug|Mixed Platforms.Build.0 = Debug|Win32
		{56F754F7-B130-4CCF-8A99-9422D3F0234D}.Debug|Win32.ActiveCfg = Debug|Win32
		{56F754F7-B130-4CCF-8A99-9422D3F0234D}.Debug|Win32.Build.0 = Debug|Win32
		{56F754F7-B130-4CCF-8A99-9422D3F0234D}.Debug|x86.ActiveCfg = Debug|Win32
		{56F754F7-B130-4CCF-8A99-9422D3F0234D}.Release|Any CPU.ActiveCfg = Release|Win32
		{56F754F7-B130-4CCF-8A99-9422D3F0234D}.Release|Mixed Platforms.ActiveCfg = Release|Win32
		{56F754F7-B130-4CCF-8A99-9422D3F0234D}.Release|Mixed Platforms.Build.0 = Release|Win32
		{56F754F7-B130-4CCF-8A99-9422D3F0234D}.Release|Win32.ActiveCfg = Release|Win32
		{56F754F7-B130-4CCF-8A99-9422D3F0234D}.Release|Win32.Build.0 = Release|Win32
		{56F754F7-B130-4CCF-8A99-9422D3F0234D}.Release|x86.ActiveCfg = Release|Win32
		{23E56F0E-30A8-4CF2-AB4D-5B1ED39CD268}.Debug|Any CPU.ActiveCfg = Debug|Win32
		{23E56F0E-30A8-4CF2-AB4D-5B1ED39CD268}.Debug|Mixed Platforms.ActiveCfg = Debug|Win32
		{23E56F0E-30A8-4CF2-AB4D-5B1ED39CD268}.Debug|Mixed Platforms.Build.0 = Debug|Win32
		{23E56F0E-30A8-4CF2-AB4D-5B1ED39CD268}.Debug|Win32.ActiveCfg = Debug|Win32
		{23E56F0E-30A8-4CF2-AB4D-5B1ED39CD268}.Debug|Win32.Build.0 = Debug|Win32
		{23E56F0E-30A8-4CF2-AB4D-5B1ED39CD268}.Debug|x86.ActiveCfg = Debug|Win32
		{23E56F0E-30A8-4CF2-AB4D-5B1ED39CD268}.Release|Any CPU.ActiveCfg = Release|Win32
		{23E56F0E-30A8-4CF2-AB4D-5B1ED39CD268}.Release|Mixed Platforms.ActiveCfg = Release|Win32
		{23E56F0E-30A8-4CF2-AB4D-5B1ED39CD268}.Release|Mixed Platforms.Build.0 = Release|Win32
		{23E56F0E-30A8-4CF2-AB4D-5B1ED39CD268}.Release|Win32.ActiveCfg = Release|Win32
		{23E56F0E-30A8-4CF2-AB4D-5B1ED39CD268}.Release|Win32.Build.0 = Release|Win32
		{23E56F0E-30A8-4CF2-AB4D-5B1ED39CD268}.Release|x86.ActiveCfg = Release|Win32
		{BB3F670E-28AF-42CE-9C9F-DE267D3CB986}.Debug|Any CPU.ActiveCfg = Debug|Win32
		{BB3F670E-28AF-42CE-9C9F-DE267D3CB986}.Debug|Mixed Platforms.ActiveCfg = Debug|Win32
		{BB3F670E-28AF-42CE-9C9F-DE267D3CB986}.Debug|Mixed Platforms.Build.0 = Debug|Win32
		{BB3F670E-28AF-42CE-9C9F-DE267D3CB986}.Debug|Win32.ActiveCfg = Debug|Win32
		{BB3F670E-28AF-42CE-9C9F-DE267D3CB986}.Debug|Win32.Build.0 = Debug|Win32
		{BB3F670E-28AF-42CE-9C9F-DE267D3CB986}.Debug|x86.ActiveCfg = Debug|Win32
		{BB3F670E-28AF-42CE-9C9F-DE267D3CB986}.Release|Any CPU.ActiveCfg = Release|Win32
		{BB3F670E-28AF-42CE-9C9F-DE267D3CB986}.Release|Mixed Platforms.ActiveCfg = Release|Win32
		{BB3F670E-28AF-42CE-9C9F-DE267D3CB986}.Release|Mixed Platforms.Build.0 = Release|Win32
		{BB3F670E-28AF-42CE-9C9F-DE267D3CB986}.Release|Win32.ActiveCfg = Release|Win32
		{BB3F670E-28AF-42CE-9C9F-DE267D3CB986}.Release|Win32.Build.0 = Release|Win32
		{BB3F670E-28AF-42CE-9C9F-DE267D3CB986}.Release|x86.ActiveCfg = Release|Win32
		{2C51801D-26B9-4ED5-81B2-324E5AAB3FD8}.Debug|Any CPU.ActiveCfg = Debug|Win32
		{2C51801D-26B9-4ED5-81B2-324E5AAB3FD8}.Debug|Mixed Platforms.ActiveCfg = Debug|Win32
		{2C51801D-26B9-4ED5-81B2-324E5AAB3FD8}.Debug|Mixed Platforms.Build.0 = Debug|Win32
		{2C51801D-26B9-4ED5-81B2-324E5AAB3FD8}.Debug|Win32.ActiveCfg = Debug|Win32
		{2C51801D-26B9-4ED5-81B2-324E5AAB3FD8}.Debug|Win32.Build.0 = Debug|Win32
		{2C51801D-26B9-4ED5-81B2-324E5AAB3FD8}.Debug|x86.ActiveCfg = Debug|Win32
		{2C51801D-26B9-4ED5-81B2-324E5AAB3FD8}.Release|Any CPU.ActiveCfg = Release|Win32
		{2C51801D-26B9-4ED5-81B2-324E5AAB3FD8}.Release|Mixed Platforms.ActiveCfg = Release|Win32
		{2C51801D-26B9-4ED5-81B2-324E5AAB3FD8}.Release|Mixed Platforms.Build.0 = Release|Win32
		{2C51801D-26B9-4ED5-81B2-324E5AAB3FD8}.Release|Win32.ActiveCfg = Release|Win32
		{2C51801D-26B9-4ED5-81B2-324E5AAB3FD8}.Release|Win32.Build.0 = Release|Win32
		{2C51801D-26B9-4ED5-81B2-324E5AAB3FD8}.Release|x86.ActiveCfg = Release|Win32
		{94199E02-2A91-4968-8544-316A15339E19}.Debug|Any CPU.ActiveCfg = Debug|Win32
		{94199E02-2A91-4968-8544-316A15339E19}.Debug|Mixed Platforms.ActiveCfg = Debug|Win32
		{94199E02-2A91-4968-8544-316A15339E19}.Debug|Mixed Platforms.Build.0 = Debug|Win32
		{94199E02-2A91-4968-8544-316A15339E19}.Debug|Win32.ActiveCfg = Debug|Win32
		{94199E02-2A91-4968-8544-316A15339E19}.Debug|Win32.Build.0 = Debug|Win32
		{94199E02-2A91-4968-8544-316A15339E19}.Debug|x86.ActiveCfg = Debug|Win32
		{94199E02-2A91-4968-8544-316A15339E19}.Release|Any CPU.ActiveCfg = Release|Win32
		{94199E02-2A91-4968-8544-316A15339E19}.Release|Mixed Platforms.ActiveCfg = Release|Win32
		{94199E02-2A91-4968-8544-316A15339E19}.Release|Mixed Platforms.Build.0 = Release|Win32
		{94199E02-2A91-4968-8544-316A15339E19}.Release|Win32.ActiveCfg = Release|Win32
		{94199E02-2A91-4968-8544-316A15339E19}.Release|Win32.Build.0 = Release|Win32
		{94199E02-2A91-4968-8544-316A15339E19}.Release|x86.ActiveCfg = Release|Win32
		{00733F60-F7DC-41FD-9211-9421698EC3AA}.Debug|Any CPU.ActiveCfg = Debug|Win32
		{00733F60-F7DC-41FD-9211-9421698EC3AA}.Debug|Mixed Platforms.ActiveCfg = Debug|Win32
		{00733F60-F7DC-41FD-9211-9421698EC3AA}.Debug|Mixed Platforms.Build.0 = Debug|Win32
		{00733F60-F7DC-41FD-9211-9421698EC3AA}.Debug|Win32.ActiveCfg = Debug|Win32
		{00733F60-F7DC-41FD-9211-9421698EC3AA}.Debug|Win32.Build.0 = Debug|Win32
		{00733F60-F7DC-41FD-9211-9421698EC3AA}.Debug|x86.ActiveCfg = Debug|Win32
		{00733F60-F7DC-41FD-9211-9421698EC3AA}.Release|Any CPU.ActiveCfg = Release|Win32
		{00733F60-F7DC-41FD-9211-9421698EC3AA}.Release|Mixed Platforms.ActiveCfg = Release|Win32
		{00733F60-F7DC-41FD-9211-9421698EC3AA}.Release|Mixed Platforms.Build.0 = Release|Win32
		{00733F60-F7DC-41FD-9211-9421698EC3AA}.Release|Win32.ActiveCfg = Release|Win32
		{00733F60-F7DC-41FD-9211-9421698EC3AA}.Release|Win32.Build.0 = Release|Win32
		{00733F60-F7DC-41FD-9211-9421698EC3AA}.Release|x86.ActiveCfg = Release|Win32
		{D8D07210-F968-4438-919C-456B0CDB6E26}.Debug|Any CPU.ActiveCfg = Debug|Win32
		{D8D07210-F968-4438-919C-456B0CDB6E26}.Debug|Mixed Platforms.ActiveCfg = Debug|Win32
		{D8D07210-F968-4438-919C-456B0CDB6E26}.Debug|Mixed Platforms.Build.0 = Debug|Win32
		{D8D07210-F968-4438-919C-456B0CDB6E26}.Debug|Win32.ActiveCfg = Debug|Win32
		{D8D07210-F968-4438-919C-456B0CDB6E26}.Debug|Win32.Build.0 = Debug|Win32
		{D8D07210-F968-4438-919C-456B0CDB6E26}.Debug|x86.ActiveCfg = Debug|Win32
		{D8D07210-F968-4438-919C-456B0CDB6E26}.Release|Any CPU.ActiveCfg = Release|Win32
		{D8D07210-F968-4438-919C-456B0CDB6E26}.Release|Mixed Platforms.ActiveCfg = Release|Win32
		{D8D07210-F968-4438-919C-456B0CDB6E26}.Release|Mixed Platforms.Build.0 = Release|Win32
		{D8D07210-F968-4438-919C-456B0CDB6E26}.Release|Win32.ActiveCfg = Release|Win32
		{D8D07210-F968-4438-919C-456B0CDB6E26}.Release|Win32.Build.0 = Release|Win32
		{D8D07210-F968-4438-919C-456B0CDB6E26}.Release|x86.ActiveCfg = Release|Win32
		{9682BD28-DA8C-4E37-810B-FC66EF53AE17}.Debug|Any CPU.ActiveCfg = Debug|Win32
		{9682BD28-DA8C-4E37-810B-FC66EF53AE17}.Debug|Mixed Platforms.ActiveCfg = Debug|Win32
		{9682BD28-DA8C-4E37-810B-FC66EF53AE17}.Debug|Mixed Platforms.Build.0 = Debug|Win32
		{9682BD28-DA8C-4E37-810B-FC66EF53AE17}.Debug|Win32.ActiveCfg = Debug|Win32
		{9682BD28-DA8C-4E37-810B-FC66EF53AE17}.Debug|Win32.Build.0 = Debug|Win32
		{9682BD28-DA8C-4E37-810B-FC66EF53AE17}.Debug|x86.ActiveCfg = Debug|Win32
		{9682BD28-DA8C-4E37-810B-FC66EF53AE17}.Release|Any CPU.ActiveCfg = Release|Win32
		{9682BD28-DA8C-4E37-810B-FC66EF53AE17}.Release|Mixed Platforms.ActiveCfg = Release|Win32
		{9682BD28-DA8C-4E37-810B-FC66EF53AE17}.Release|Mixed Platforms.Build.0 = Release|Win32
		{9682BD28-DA8C-4E37-810B-FC66EF53AE17}.Release|Win32.ActiveCfg = Release|Win32
		{9682BD28-DA8C-4E37-810B-FC66EF53AE17}.Release|x86.ActiveCfg = Release|Win32
		{8E2F76A2-59B5-4DF7-8062-EBD6FCF0C8B3}.Debug|Any CPU.ActiveCfg = Debug|Win32
		{8E2F76A2-59B5-4DF7-8062-EBD6FCF0C8B3}.Debug|Mixed Platforms.ActiveCfg = Debug|Win32
		{8E2F76A2-59B5-4DF7-8062-EBD6FCF0C8B3}.Debug|Mixed Platforms.Build.0 = Debug|Win32
		{8E2F76A2-59B5-4DF7-8062-EBD6FCF0C8B3}.Debug|Win32.ActiveCfg = Debug|Win32
		{8E2F76A2-59B5-4DF7-8062-EBD6FCF0C8B3}.Debug|Win32.Build.0 = Debug|Win32
		{8E2F76A2-59B5-4DF7-8062-EBD6FCF0C8B3}.Debug|x86.ActiveCfg = Debug|Win32
		{8E2F76A2-59B5-4DF7-8062-EBD6FCF0C8B3}.Release|Any CPU.ActiveCfg = Release|Win32
		{8E2F76A2-59B5-4DF7-8062-EBD6FCF0C8B3}.Release|Mixed Platforms.ActiveCfg = Release|Win32
		{8E2F76A2-59B5-4DF7-8062-EBD6FCF0C8B3}.Release|Mixed Platforms.Build.0 = Release|Win32
		{8E2F76A2-59B5-4DF7-8062-EBD6FCF0C8B3}.Release|Win32.ActiveCfg = Release|Win32
		{8E2F76A2-59B5-4DF7-8062-EBD6FCF0C8B3}.Release|Win32.Build.0 = Release|Win32
		{8E2F76A2-59B5-4DF7-8062-EBD6FCF0C8B3}.Release|x86.ActiveCfg = Release|Win32
		{BF473517-E702-4911-90EC-863C27ACF274}.Debug|Any CPU.ActiveCfg = Debug|Win32
		{BF473517-E702-4911-90EC-863C27ACF274}.Debug|Mixed Platforms.ActiveCfg = Debug|Win32
		{BF473517-E702-4911-90EC-863C27ACF274}.Debug|Mixed Platforms.Build.0 = Debug|Win32
		{BF473517-E702-4911-90EC-863C27ACF274}.Debug|Win32.ActiveCfg = Debug|Win32
		{BF473517-E702-4911-90EC-863C27ACF274}.Debug|Win32.Build.0 = Debug|Win32
		{BF473517-E702-4911-90EC-863C27ACF274}.Debug|x86.ActiveCfg = Debug|Win32
		{BF473517-E702-4911-90EC-863C27ACF274}.Release|Any CPU.ActiveCfg = Release|Win32
		{BF473517-E702-4911-90EC-863C27ACF274}.Release|Mixed Platforms.ActiveCfg = Release|Win32
		{BF473517-E702-4911-90EC-863C27ACF274}.Release|Mixed Platforms.Build.0 = Release|Win32
		{BF473517-E702-4911-90EC-863C27ACF274}.Release|Win32.ActiveCfg = Release|Win32
		{BF473517-E702-4911-90EC-863C27ACF274}.Release|x86.ActiveCfg = Release|Win32
		{E2876CFE-801F-461E-A682-6F49471DAD02}.Debug|Any CPU.ActiveCfg = Debug|Win32
		{E2876CFE-801F-461E-A682-6F49471DAD02}.Debug|Mixed Platforms.ActiveCfg = Debug|Win32
		{E2876CFE-801F-461E-A682-6F49471DAD02}.Debug|Mixed Platforms.Build.0 = Debug|Win32
		{E2876CFE-801F-461E-A682-6F49471DAD02}.Debug|Win32.ActiveCfg = Debug|Win32
		{E2876CFE-801F-461E-A682-6F49471DAD02}.Debug|Win32.Build.0 = Debug|Win32
		{E2876CFE-801F-461E-A682-6F49471DAD02}.Debug|x86.ActiveCfg = Debug|Win32
		{E2876CFE-801F-461E-A682-6F49471DAD02}.Release|Any CPU.ActiveCfg = Release|Win32
		{E2876CFE-801F-461E-A682-6F49471DAD02}.Release|Mixed Platforms.ActiveCfg = Release|Win32
		{E2876CFE-801F-461E-A682-6F49471DAD02}.Release|Mixed Platforms.Build.0 = Release|Win32
		{E2876CFE-801F-461E-A682-6F49471DAD02}.Release|Win32.ActiveCfg = Release|Win32
		{E2876CFE-801F-461E-A682-6F49471DAD02}.Release|x86.ActiveCfg = Release|Win32
		{FECB5BEB-AB05-454A-BB14-6A554E897274}.Debug|Any CPU.ActiveCfg = Debug|Any CPU
		{FECB5BEB-AB05-454A-BB14-6A554E897274}.Debug|Any CPU.Build.0 = Debug|Any CPU
		{FECB5BEB-AB05-454A-BB14-6A554E897274}.Debug|Mixed Platforms.ActiveCfg = Debug|x86
		{FECB5BEB-AB05-454A-BB14-6A554E897274}.Debug|Mixed Platforms.Build.0 = Debug|x86
		{FECB5BEB-AB05-454A-BB14-6A554E897274}.Debug|Win32.ActiveCfg = Debug|x86
		{FECB5BEB-AB05-454A-BB14-6A554E897274}.Debug|Win32.Build.0 = Debug|x86
		{FECB5BEB-AB05-454A-BB14-6A554E897274}.Debug|x86.ActiveCfg = Debug|x86
		{FECB5BEB-AB05-454A-BB14-6A554E897274}.Debug|x86.Build.0 = Debug|x86
		{FECB5BEB-AB05-454A-BB14-6A554E897274}.Release|Any CPU.ActiveCfg = Release|Any CPU
		{FECB5BEB-AB05-454A-BB14-6A554E897274}.Release|Any CPU.Build.0 = Release|Any CPU
		{FECB5BEB-AB05-454A-BB14-6A554E897274}.Release|Mixed Platforms.ActiveCfg = Release|x86
		{FECB5BEB-AB05-454A-BB14-6A554E897274}.Release|Mixed Platforms.Build.0 = Release|x86
		{FECB5BEB-AB05-454A-BB14-6A554E897274}.Release|Win32.ActiveCfg = Release|x86
		{FECB5BEB-AB05-454A-BB14-6A554E897274}.Release|Win32.Build.0 = Release|x86
		{FECB5BEB-AB05-454A-BB14-6A554E897274}.Release|x86.ActiveCfg = Release|x86
		{FECB5BEB-AB05-454A-BB14-6A554E897274}.Release|x86.Build.0 = Release|x86
		{315EE7BF-EAE2-42C0-BFC6-CCA9160F3CFE}.Debug|Any CPU.ActiveCfg = Debug|Any CPU
		{315EE7BF-EAE2-42C0-BFC6-CCA9160F3CFE}.Debug|Any CPU.Build.0 = Debug|Any CPU
		{315EE7BF-EAE2-42C0-BFC6-CCA9160F3CFE}.Debug|Mixed Platforms.ActiveCfg = Debug|x86
		{315EE7BF-EAE2-42C0-BFC6-CCA9160F3CFE}.Debug|Mixed Platforms.Build.0 = Debug|x86
		{315EE7BF-EAE2-42C0-BFC6-CCA9160F3CFE}.Debug|Win32.ActiveCfg = Debug|x86
		{315EE7BF-EAE2-42C0-BFC6-CCA9160F3CFE}.Debug|Win32.Build.0 = Debug|x86
		{315EE7BF-EAE2-42C0-BFC6-CCA9160F3CFE}.Debug|x86.ActiveCfg = Debug|x86
		{315EE7BF-EAE2-42C0-BFC6-CCA9160F3CFE}.Debug|x86.Build.0 = Debug|x86
		{315EE7BF-EAE2-42C0-BFC6-CCA9160F3CFE}.Release|Any CPU.ActiveCfg = Release|Any CPU
		{315EE7BF-EAE2-42C0-BFC6-CCA9160F3CFE}.Release|Any CPU.Build.0 = Release|Any CPU
		{315EE7BF-EAE2-42C0-BFC6-CCA9160F3CFE}.Release|Mixed Platforms.ActiveCfg = Release|x86
		{315EE7BF-EAE2-42C0-BFC6-CCA9160F3CFE}.Release|Mixed Platforms.Build.0 = Release|x86
		{315EE7BF-EAE2-42C0-BFC6-CCA9160F3CFE}.Release|Win32.ActiveCfg = Release|x86
		{315EE7BF-EAE2-42C0-BFC6-CCA9160F3CFE}.Release|Win32.Build.0 = Release|x86
		{315EE7BF-EAE2-42C0-BFC6-CCA9160F3CFE}.Release|x86.ActiveCfg = Release|x86
		{315EE7BF-EAE2-42C0-BFC6-CCA9160F3CFE}.Release|x86.Build.0 = Release|x86
		{45F4F307-5C89-46E1-B92B-0A2E3489FF6F}.Debug|Any CPU.ActiveCfg = Debug|Any CPU
		{45F4F307-5C89-46E1-B92B-0A2E3489FF6F}.Debug|Any CPU.Build.0 = Debug|Any CPU
		{45F4F307-5C89-46E1-B92B-0A2E3489FF6F}.Debug|Mixed Platforms.ActiveCfg = Debug|x86
		{45F4F307-5C89-46E1-B92B-0A2E3489FF6F}.Debug|Mixed Platforms.Build.0 = Debug|x86
		{45F4F307-5C89-46E1-B92B-0A2E3489FF6F}.Debug|Win32.ActiveCfg = Debug|x86
		{45F4F307-5C89-46E1-B92B-0A2E3489FF6F}.Debug|Win32.Build.0 = Debug|x86
		{45F4F307-5C89-46E1-B92B-0A2E3489FF6F}.Debug|x86.ActiveCfg = Debug|x86
		{45F4F307-5C89-46E1-B92B-0A2E3489FF6F}.Debug|x86.Build.0 = Debug|x86
		{45F4F307-5C89-46E1-B92B-0A2E3489FF6F}.Release|Any CPU.ActiveCfg = Release|Any CPU
		{45F4F307-5C89-46E1-B92B-0A2E3489FF6F}.Release|Any CPU.Build.0 = Release|Any CPU
		{45F4F307-5C89-46E1-B92B-0A2E3489FF6F}.Release|Mixed Platforms.ActiveCfg = Release|x86
		{45F4F307-5C89-46E1-B92B-0A2E3489FF6F}.Release|Mixed Platforms.Build.0 = Release|x86
		{45F4F307-5C89-46E1-B92B-0A2E3489FF6F}.Release|Win32.ActiveCfg = Release|x86
		{45F4F307-5C89-46E1-B92B-0A2E3489FF6F}.Release|Win32.Build.0 = Release|x86
		{45F4F307-5C89-46E1-B92B-0A2E3489FF6F}.Release|x86.ActiveCfg = Release|x86
		{45F4F307-5C89-46E1-B92B-0A2E3489FF6F}.Release|x86.Build.0 = Release|x86
	EndGlobalSection
	GlobalSection(SolutionProperties) = preSolution
		HideSolutionNode = FALSE
	EndGlobalSection
EndGlobal
