
Microsoft Visual Studio Solution File, Format Version 11.00
# Visual Studio 2010
Project("{8BC9CEB8-8B4A-11D0-8D11-00A0C91BC942}") = "SA_DSP", "SaExe\DSP\SA_DSP.vcxproj", "{BB3F670E-28AF-42CE-9C9F-DE267D3CB986}"
EndProject
Project("{8BC9CEB8-8B4A-11D0-8D11-00A0C91BC942}") = "SA_ENU", "SaExe\sa_enu\SA_ENU.vcxproj", "{23E56F0E-30A8-4CF2-AB4D-5B1ED39CD268}"
EndProject
Project("{8BC9CEB8-8B4A-11D0-8D11-00A0C91BC942}") = "SA_KLATT", "SaExe\Synthesis\sa_klatt\SA_KLATT.vcxproj", "{C27ADB97-DE1A-4820-8CF5-7554CF677995}"
EndProject
Project("{8BC9CEB8-8B4A-11D0-8D11-00A0C91BC942}") = "SaUnicode", "SaExe\SaUnicode.vcxproj", "{67914272-7CF2-4E5B-A0EC-54728888A13D}"
EndProject
Project("{8BC9CEB8-8B4A-11D0-8D11-00A0C91BC942}") = "mbrola", "SaExe\SYNTHESIS\MBROLA\mbrola.vcxproj", "{70E56708-42C2-4233-AF98-DC57F936C968}"
EndProject
Project("{8BC9CEB8-8B4A-11D0-8D11-00A0C91BC942}") = "sfSettings", "SaExe\Settings\sfSettings.vcxproj", "{8042B26B-82A5-4B16-9A13-9A7F15A2639B}"
EndProject
Project("{8BC9CEB8-8B4A-11D0-8D11-00A0C91BC942}") = "zGraph", "SaExe\ZGraph\zGraph.vcxproj", "{F8066672-47AB-44DA-8698-AD978581A138}"
EndProject
Project("{FAE04EC0-301F-11D3-BF4B-00C04F79EFBC}") = "SpeechToolsUtils", "SpeechToolsUtils\SpeechToolsUtils.csproj", "{45F4F307-5C89-46E1-B92B-0A2E3489FF6F}"
	ProjectSection(ProjectDependencies) = postProject
		{67914272-7CF2-4E5B-A0EC-54728888A13D} = {67914272-7CF2-4E5B-A0EC-54728888A13D}
	EndProjectSection
EndProject
Project("{FAE04EC0-301F-11D3-BF4B-00C04F79EFBC}") = "ST_Audio", "ST_Audio\ST_Audio.csproj", "{31635602-EE5E-48C6-BE91-D42EC9A377F7}"
EndProject
Project("{FAE04EC0-301F-11D3-BF4B-00C04F79EFBC}") = "yeti.wmfsdk", "yeti.wmfsdk\yeti.wmfsdk.csproj", "{FECB5BEB-AB05-454A-BB14-6A554E897274}"
EndProject
Project("{FAE04EC0-301F-11D3-BF4B-00C04F79EFBC}") = "yeti.mmedia", "yeti.mmedia\yeti.mmedia.csproj", "{315EE7BF-EAE2-42C0-BFC6-CCA9160F3CFE}"
EndProject
Global
	GlobalSection(SolutionConfigurationPlatforms) = preSolution
		Debug|Any CPU = Debug|Any CPU
		Debug|Mixed Platforms = Debug|Mixed Platforms
		Debug|Win32 = Debug|Win32
		Release|Any CPU = Release|Any CPU
		Release|Mixed Platforms = Release|Mixed Platforms
		Release|Win32 = Release|Win32
	EndGlobalSection
	GlobalSection(ProjectConfigurationPlatforms) = postSolution
		{BB3F670E-28AF-42CE-9C9F-DE267D3CB986}.Debug|Any CPU.ActiveCfg = Debug|Win32
		{BB3F670E-28AF-42CE-9C9F-DE267D3CB986}.Debug|Mixed Platforms.ActiveCfg = Debug|Win32
		{BB3F670E-28AF-42CE-9C9F-DE267D3CB986}.Debug|Mixed Platforms.Build.0 = Debug|Win32
		{BB3F670E-28AF-42CE-9C9F-DE267D3CB986}.Debug|Win32.ActiveCfg = Debug|Win32
		{BB3F670E-28AF-42CE-9C9F-DE267D3CB986}.Debug|Win32.Build.0 = Debug|Win32
		{BB3F670E-28AF-42CE-9C9F-DE267D3CB986}.Release|Any CPU.ActiveCfg = Release|Win32
		{BB3F670E-28AF-42CE-9C9F-DE267D3CB986}.Release|Mixed Platforms.ActiveCfg = Release|Win32
		{BB3F670E-28AF-42CE-9C9F-DE267D3CB986}.Release|Mixed Platforms.Build.0 = Release|Win32
		{BB3F670E-28AF-42CE-9C9F-DE267D3CB986}.Release|Win32.ActiveCfg = Release|Win32
		{BB3F670E-28AF-42CE-9C9F-DE267D3CB986}.Release|Win32.Build.0 = Release|Win32
		{23E56F0E-30A8-4CF2-AB4D-5B1ED39CD268}.Debug|Any CPU.ActiveCfg = Debug|Win32
		{23E56F0E-30A8-4CF2-AB4D-5B1ED39CD268}.Debug|Mixed Platforms.ActiveCfg = Debug|Win32
		{23E56F0E-30A8-4CF2-AB4D-5B1ED39CD268}.Debug|Mixed Platforms.Build.0 = Debug|Win32
		{23E56F0E-30A8-4CF2-AB4D-5B1ED39CD268}.Debug|Win32.ActiveCfg = Debug|Win32
		{23E56F0E-30A8-4CF2-AB4D-5B1ED39CD268}.Debug|Win32.Build.0 = Debug|Win32
		{23E56F0E-30A8-4CF2-AB4D-5B1ED39CD268}.Release|Any CPU.ActiveCfg = Release|Win32
		{23E56F0E-30A8-4CF2-AB4D-5B1ED39CD268}.Release|Mixed Platforms.ActiveCfg = Release|Win32
		{23E56F0E-30A8-4CF2-AB4D-5B1ED39CD268}.Release|Mixed Platforms.Build.0 = Release|Win32
		{23E56F0E-30A8-4CF2-AB4D-5B1ED39CD268}.Release|Win32.ActiveCfg = Release|Win32
		{23E56F0E-30A8-4CF2-AB4D-5B1ED39CD268}.Release|Win32.Build.0 = Release|Win32
		{C27ADB97-DE1A-4820-8CF5-7554CF677995}.Debug|Any CPU.ActiveCfg = Debug|Win32
		{C27ADB97-DE1A-4820-8CF5-7554CF677995}.Debug|Mixed Platforms.ActiveCfg = Debug|Win32
		{C27ADB97-DE1A-4820-8CF5-7554CF677995}.Debug|Mixed Platforms.Build.0 = Debug|Win32
		{C27ADB97-DE1A-4820-8CF5-7554CF677995}.Debug|Win32.ActiveCfg = Debug|Win32
		{C27ADB97-DE1A-4820-8CF5-7554CF677995}.Debug|Win32.Build.0 = Debug|Win32
		{C27ADB97-DE1A-4820-8CF5-7554CF677995}.Release|Any CPU.ActiveCfg = Release|Win32
		{C27ADB97-DE1A-4820-8CF5-7554CF677995}.Release|Mixed Platforms.ActiveCfg = Release|Win32
		{C27ADB97-DE1A-4820-8CF5-7554CF677995}.Release|Mixed Platforms.Build.0 = Release|Win32
		{C27ADB97-DE1A-4820-8CF5-7554CF677995}.Release|Win32.ActiveCfg = Release|Win32
		{C27ADB97-DE1A-4820-8CF5-7554CF677995}.Release|Win32.Build.0 = Release|Win32
		{67914272-7CF2-4E5B-A0EC-54728888A13D}.Debug|Any CPU.ActiveCfg = Debug|Win32
		{67914272-7CF2-4E5B-A0EC-54728888A13D}.Debug|Mixed Platforms.ActiveCfg = Debug|Win32
		{67914272-7CF2-4E5B-A0EC-54728888A13D}.Debug|Mixed Platforms.Build.0 = Debug|Win32
		{67914272-7CF2-4E5B-A0EC-54728888A13D}.Debug|Win32.ActiveCfg = Debug|Win32
		{67914272-7CF2-4E5B-A0EC-54728888A13D}.Debug|Win32.Build.0 = Debug|Win32
		{67914272-7CF2-4E5B-A0EC-54728888A13D}.Release|Any CPU.ActiveCfg = Release|Win32
		{67914272-7CF2-4E5B-A0EC-54728888A13D}.Release|Mixed Platforms.ActiveCfg = Release|Win32
		{67914272-7CF2-4E5B-A0EC-54728888A13D}.Release|Mixed Platforms.Build.0 = Release|Win32
		{67914272-7CF2-4E5B-A0EC-54728888A13D}.Release|Win32.ActiveCfg = Release|Win32
		{67914272-7CF2-4E5B-A0EC-54728888A13D}.Release|Win32.Build.0 = Release|Win32
		{70E56708-42C2-4233-AF98-DC57F936C968}.Debug|Any CPU.ActiveCfg = Debug|Win32
		{70E56708-42C2-4233-AF98-DC57F936C968}.Debug|Mixed Platforms.ActiveCfg = Debug|Win32
		{70E56708-42C2-4233-AF98-DC57F936C968}.Debug|Mixed Platforms.Build.0 = Debug|Win32
		{70E56708-42C2-4233-AF98-DC57F936C968}.Debug|Win32.ActiveCfg = Debug|Win32
		{70E56708-42C2-4233-AF98-DC57F936C968}.Debug|Win32.Build.0 = Debug|Win32
		{70E56708-42C2-4233-AF98-DC57F936C968}.Release|Any CPU.ActiveCfg = Release|Win32
		{70E56708-42C2-4233-AF98-DC57F936C968}.Release|Mixed Platforms.ActiveCfg = Release|Win32
		{70E56708-42C2-4233-AF98-DC57F936C968}.Release|Mixed Platforms.Build.0 = Release|Win32
		{70E56708-42C2-4233-AF98-DC57F936C968}.Release|Win32.ActiveCfg = Release|Win32
		{70E56708-42C2-4233-AF98-DC57F936C968}.Release|Win32.Build.0 = Release|Win32
		{8042B26B-82A5-4B16-9A13-9A7F15A2639B}.Debug|Any CPU.ActiveCfg = Debug|Win32
		{8042B26B-82A5-4B16-9A13-9A7F15A2639B}.Debug|Mixed Platforms.ActiveCfg = Debug|Win32
		{8042B26B-82A5-4B16-9A13-9A7F15A2639B}.Debug|Mixed Platforms.Build.0 = Debug|Win32
		{8042B26B-82A5-4B16-9A13-9A7F15A2639B}.Debug|Win32.ActiveCfg = Debug|Win32
		{8042B26B-82A5-4B16-9A13-9A7F15A2639B}.Debug|Win32.Build.0 = Debug|Win32
		{8042B26B-82A5-4B16-9A13-9A7F15A2639B}.Release|Any CPU.ActiveCfg = Release|Win32
		{8042B26B-82A5-4B16-9A13-9A7F15A2639B}.Release|Mixed Platforms.ActiveCfg = Release|Win32
		{8042B26B-82A5-4B16-9A13-9A7F15A2639B}.Release|Mixed Platforms.Build.0 = Release|Win32
		{8042B26B-82A5-4B16-9A13-9A7F15A2639B}.Release|Win32.ActiveCfg = Release|Win32
		{8042B26B-82A5-4B16-9A13-9A7F15A2639B}.Release|Win32.Build.0 = Release|Win32
		{F8066672-47AB-44DA-8698-AD978581A138}.Debug|Any CPU.ActiveCfg = Debug|Win32
		{F8066672-47AB-44DA-8698-AD978581A138}.Debug|Mixed Platforms.ActiveCfg = Debug|Win32
		{F8066672-47AB-44DA-8698-AD978581A138}.Debug|Mixed Platforms.Build.0 = Debug|Win32
		{F8066672-47AB-44DA-8698-AD978581A138}.Debug|Win32.ActiveCfg = Debug|Win32
		{F8066672-47AB-44DA-8698-AD978581A138}.Debug|Win32.Build.0 = Debug|Win32
		{F8066672-47AB-44DA-8698-AD978581A138}.Release|Any CPU.ActiveCfg = Release|Win32
		{F8066672-47AB-44DA-8698-AD978581A138}.Release|Mixed Platforms.ActiveCfg = Release|Win32
		{F8066672-47AB-44DA-8698-AD978581A138}.Release|Mixed Platforms.Build.0 = Release|Win32
		{F8066672-47AB-44DA-8698-AD978581A138}.Release|Win32.ActiveCfg = Release|Win32
		{F8066672-47AB-44DA-8698-AD978581A138}.Release|Win32.Build.0 = Release|Win32
		{45F4F307-5C89-46E1-B92B-0A2E3489FF6F}.Debug|Any CPU.ActiveCfg = Debug|Any CPU
		{45F4F307-5C89-46E1-B92B-0A2E3489FF6F}.Debug|Any CPU.Build.0 = Debug|Any CPU
		{45F4F307-5C89-46E1-B92B-0A2E3489FF6F}.Debug|Mixed Platforms.ActiveCfg = Debug|Any CPU
		{45F4F307-5C89-46E1-B92B-0A2E3489FF6F}.Debug|Mixed Platforms.Build.0 = Debug|Any CPU
		{45F4F307-5C89-46E1-B92B-0A2E3489FF6F}.Debug|Win32.ActiveCfg = Debug|Any CPU
		{45F4F307-5C89-46E1-B92B-0A2E3489FF6F}.Release|Any CPU.ActiveCfg = Release|Any CPU
		{45F4F307-5C89-46E1-B92B-0A2E3489FF6F}.Release|Any CPU.Build.0 = Release|Any CPU
		{45F4F307-5C89-46E1-B92B-0A2E3489FF6F}.Release|Mixed Platforms.ActiveCfg = Release|Any CPU
		{45F4F307-5C89-46E1-B92B-0A2E3489FF6F}.Release|Mixed Platforms.Build.0 = Release|Any CPU
		{45F4F307-5C89-46E1-B92B-0A2E3489FF6F}.Release|Win32.ActiveCfg = Release|Any CPU
		{45F4F307-5C89-46E1-B92B-0A2E3489FF6F}.Release|Win32.Build.0 = Release|Any CPU
		{31635602-EE5E-48C6-BE91-D42EC9A377F7}.Debug|Any CPU.ActiveCfg = Debug|Any CPU
		{31635602-EE5E-48C6-BE91-D42EC9A377F7}.Debug|Any CPU.Build.0 = Debug|Any CPU
		{31635602-EE5E-48C6-BE91-D42EC9A377F7}.Debug|Mixed Platforms.ActiveCfg = Debug|Any CPU
		{31635602-EE5E-48C6-BE91-D42EC9A377F7}.Debug|Mixed Platforms.Build.0 = Debug|Any CPU
		{31635602-EE5E-48C6-BE91-D42EC9A377F7}.Debug|Win32.ActiveCfg = Debug|Any CPU
		{31635602-EE5E-48C6-BE91-D42EC9A377F7}.Release|Any CPU.ActiveCfg = Release|Any CPU
		{31635602-EE5E-48C6-BE91-D42EC9A377F7}.Release|Any CPU.Build.0 = Release|Any CPU
		{31635602-EE5E-48C6-BE91-D42EC9A377F7}.Release|Mixed Platforms.ActiveCfg = Release|Any CPU
		{31635602-EE5E-48C6-BE91-D42EC9A377F7}.Release|Mixed Platforms.Build.0 = Release|Any CPU
		{31635602-EE5E-48C6-BE91-D42EC9A377F7}.Release|Win32.ActiveCfg = Release|Any CPU
		{FECB5BEB-AB05-454A-BB14-6A554E897274}.Debug|Any CPU.ActiveCfg = Debug|Any CPU
		{FECB5BEB-AB05-454A-BB14-6A554E897274}.Debug|Any CPU.Build.0 = Debug|Any CPU
		{FECB5BEB-AB05-454A-BB14-6A554E897274}.Debug|Mixed Platforms.ActiveCfg = Debug|Any CPU
		{FECB5BEB-AB05-454A-BB14-6A554E897274}.Debug|Mixed Platforms.Build.0 = Debug|Any CPU
		{FECB5BEB-AB05-454A-BB14-6A554E897274}.Debug|Win32.ActiveCfg = Debug|Any CPU
		{FECB5BEB-AB05-454A-BB14-6A554E897274}.Release|Any CPU.ActiveCfg = Release|Any CPU
		{FECB5BEB-AB05-454A-BB14-6A554E897274}.Release|Any CPU.Build.0 = Release|Any CPU
		{FECB5BEB-AB05-454A-BB14-6A554E897274}.Release|Mixed Platforms.ActiveCfg = Release|Any CPU
		{FECB5BEB-AB05-454A-BB14-6A554E897274}.Release|Mixed Platforms.Build.0 = Release|Any CPU
		{FECB5BEB-AB05-454A-BB14-6A554E897274}.Release|Win32.ActiveCfg = Release|Any CPU
		{315EE7BF-EAE2-42C0-BFC6-CCA9160F3CFE}.Debug|Any CPU.ActiveCfg = Debug|Any CPU
		{315EE7BF-EAE2-42C0-BFC6-CCA9160F3CFE}.Debug|Any CPU.Build.0 = Debug|Any CPU
		{315EE7BF-EAE2-42C0-BFC6-CCA9160F3CFE}.Debug|Mixed Platforms.ActiveCfg = Debug|Any CPU
		{315EE7BF-EAE2-42C0-BFC6-CCA9160F3CFE}.Debug|Mixed Platforms.Build.0 = Debug|Any CPU
		{315EE7BF-EAE2-42C0-BFC6-CCA9160F3CFE}.Debug|Win32.ActiveCfg = Debug|Any CPU
		{315EE7BF-EAE2-42C0-BFC6-CCA9160F3CFE}.Release|Any CPU.ActiveCfg = Release|Any CPU
		{315EE7BF-EAE2-42C0-BFC6-CCA9160F3CFE}.Release|Any CPU.Build.0 = Release|Any CPU
		{315EE7BF-EAE2-42C0-BFC6-CCA9160F3CFE}.Release|Mixed Platforms.ActiveCfg = Release|Any CPU
		{315EE7BF-EAE2-42C0-BFC6-CCA9160F3CFE}.Release|Mixed Platforms.Build.0 = Release|Any CPU
		{315EE7BF-EAE2-42C0-BFC6-CCA9160F3CFE}.Release|Win32.ActiveCfg = Release|Any CPU
	EndGlobalSection
	GlobalSection(SolutionProperties) = preSolution
		HideSolutionNode = FALSE
	EndGlobalSection
EndGlobal
